// !$*UTF8*$!
{
	archiveVersion = 1;
	classes = {
	};
	objectVersion = 55;
	objects = {

/* Begin PBXBuildFile section */
		38A2122C282A064300B56E03 /* AppDelegate.swift in Sources */ = {isa = PBXBuildFile; fileRef = 38A2122B282A064300B56E03 /* AppDelegate.swift */; };
		38A2122E282A064300B56E03 /* ViewController.swift in Sources */ = {isa = PBXBuildFile; fileRef = 38A2122D282A064300B56E03 /* ViewController.swift */; };
		38A21230282A064300B56E03 /* Experience.rcproject in Sources */ = {isa = PBXBuildFile; fileRef = 38A2122F282A064300B56E03 /* Experience.rcproject */; };
		38A21235282A064400B56E03 /* Assets.xcassets in Resources */ = {isa = PBXBuildFile; fileRef = 38A21234282A064400B56E03 /* Assets.xcassets */; };
		38A21238282A064400B56E03 /* LaunchScreen.storyboard in Resources */ = {isa = PBXBuildFile; fileRef = 38A21236282A064400B56E03 /* LaunchScreen.storyboard */; };
		38A21242282A064400B56E03 /* MetaMeraTests.swift in Sources */ = {isa = PBXBuildFile; fileRef = 38A21241282A064400B56E03 /* MetaMeraTests.swift */; };
		38A2124C282A064400B56E03 /* MetaMeraUITests.swift in Sources */ = {isa = PBXBuildFile; fileRef = 38A2124B282A064400B56E03 /* MetaMeraUITests.swift */; };
		38A2124E282A064400B56E03 /* MetaMeraUITestsLaunchTests.swift in Sources */ = {isa = PBXBuildFile; fileRef = 38A2124D282A064400B56E03 /* MetaMeraUITestsLaunchTests.swift */; };
		38A21262282A091500B56E03 /* TopViewController.swift in Sources */ = {isa = PBXBuildFile; fileRef = 38A21260282A091500B56E03 /* TopViewController.swift */; };
		38A21263282A091500B56E03 /* TopViewController.xib in Resources */ = {isa = PBXBuildFile; fileRef = 38A21261282A091500B56E03 /* TopViewController.xib */; };
		38A21266282A09C200B56E03 /* SignUpViewController.swift in Sources */ = {isa = PBXBuildFile; fileRef = 38A21264282A09C200B56E03 /* SignUpViewController.swift */; };
		38A21267282A09C200B56E03 /* SignUpViewController.xib in Resources */ = {isa = PBXBuildFile; fileRef = 38A21265282A09C200B56E03 /* SignUpViewController.xib */; };
		38A21269282A104200B56E03 /* Main.storyboard in Resources */ = {isa = PBXBuildFile; fileRef = 38A21231282A064300B56E03 /* Main.storyboard */; };
		38A2126C282A9CCC00B56E03 /* Icon.png in Resources */ = {isa = PBXBuildFile; fileRef = 38A2126B282A9CCC00B56E03 /* Icon.png */; };
		38A2126E282CD13000B56E03 /* GoogleService-Info.plist in Resources */ = {isa = PBXBuildFile; fileRef = 38A2126D282CD13000B56E03 /* GoogleService-Info.plist */; };
		38A2126F282CD13000B56E03 /* GoogleService-Info.plist in Resources */ = {isa = PBXBuildFile; fileRef = 38A2126D282CD13000B56E03 /* GoogleService-Info.plist */; };
		38A21270282CD13000B56E03 /* GoogleService-Info.plist in Resources */ = {isa = PBXBuildFile; fileRef = 38A2126D282CD13000B56E03 /* GoogleService-Info.plist */; };
/* End PBXBuildFile section */

/* Begin PBXContainerItemProxy section */
		38A2123E282A064400B56E03 /* PBXContainerItemProxy */ = {
			isa = PBXContainerItemProxy;
			containerPortal = 38A21220282A064300B56E03 /* Project object */;
			proxyType = 1;
			remoteGlobalIDString = 38A21227282A064300B56E03;
			remoteInfo = MetaMera;
		};
		38A21248282A064400B56E03 /* PBXContainerItemProxy */ = {
			isa = PBXContainerItemProxy;
			containerPortal = 38A21220282A064300B56E03 /* Project object */;
			proxyType = 1;
			remoteGlobalIDString = 38A21227282A064300B56E03;
			remoteInfo = MetaMera;
		};
/* End PBXContainerItemProxy section */

/* Begin PBXFileReference section */
		38A21228282A064300B56E03 /* MetaMera.app */ = {isa = PBXFileReference; explicitFileType = wrapper.application; includeInIndex = 0; path = MetaMera.app; sourceTree = BUILT_PRODUCTS_DIR; };
		38A2122B282A064300B56E03 /* AppDelegate.swift */ = {isa = PBXFileReference; lastKnownFileType = sourcecode.swift; path = AppDelegate.swift; sourceTree = "<group>"; };
		38A2122D282A064300B56E03 /* ViewController.swift */ = {isa = PBXFileReference; lastKnownFileType = sourcecode.swift; path = ViewController.swift; sourceTree = "<group>"; };
		38A2122F282A064300B56E03 /* Experience.rcproject */ = {isa = PBXFileReference; lastKnownFileType = file.rcproject; path = Experience.rcproject; sourceTree = "<group>"; };
		38A21232282A064300B56E03 /* Base */ = {isa = PBXFileReference; lastKnownFileType = file.storyboard; name = Base; path = Base.lproj/Main.storyboard; sourceTree = "<group>"; };
		38A21234282A064400B56E03 /* Assets.xcassets */ = {isa = PBXFileReference; lastKnownFileType = folder.assetcatalog; path = Assets.xcassets; sourceTree = "<group>"; };
		38A21237282A064400B56E03 /* Base */ = {isa = PBXFileReference; lastKnownFileType = file.storyboard; name = Base; path = Base.lproj/LaunchScreen.storyboard; sourceTree = "<group>"; };
		38A2123D282A064400B56E03 /* MetaMeraTests.xctest */ = {isa = PBXFileReference; explicitFileType = wrapper.cfbundle; includeInIndex = 0; path = MetaMeraTests.xctest; sourceTree = BUILT_PRODUCTS_DIR; };
		38A21241282A064400B56E03 /* MetaMeraTests.swift */ = {isa = PBXFileReference; lastKnownFileType = sourcecode.swift; path = MetaMeraTests.swift; sourceTree = "<group>"; };
		38A21247282A064400B56E03 /* MetaMeraUITests.xctest */ = {isa = PBXFileReference; explicitFileType = wrapper.cfbundle; includeInIndex = 0; path = MetaMeraUITests.xctest; sourceTree = BUILT_PRODUCTS_DIR; };
		38A2124B282A064400B56E03 /* MetaMeraUITests.swift */ = {isa = PBXFileReference; lastKnownFileType = sourcecode.swift; path = MetaMeraUITests.swift; sourceTree = "<group>"; };
		38A2124D282A064400B56E03 /* MetaMeraUITestsLaunchTests.swift */ = {isa = PBXFileReference; lastKnownFileType = sourcecode.swift; path = MetaMeraUITestsLaunchTests.swift; sourceTree = "<group>"; };
		38A21260282A091500B56E03 /* TopViewController.swift */ = {isa = PBXFileReference; lastKnownFileType = sourcecode.swift; path = TopViewController.swift; sourceTree = "<group>"; };
		38A21261282A091500B56E03 /* TopViewController.xib */ = {isa = PBXFileReference; lastKnownFileType = file.xib; path = TopViewController.xib; sourceTree = "<group>"; };
		38A21264282A09C200B56E03 /* SignUpViewController.swift */ = {isa = PBXFileReference; lastKnownFileType = sourcecode.swift; path = SignUpViewController.swift; sourceTree = "<group>"; };
		38A21265282A09C200B56E03 /* SignUpViewController.xib */ = {isa = PBXFileReference; lastKnownFileType = file.xib; path = SignUpViewController.xib; sourceTree = "<group>"; };
		38A21268282A0E3E00B56E03 /* Info.plist */ = {isa = PBXFileReference; lastKnownFileType = text.plist; path = Info.plist; sourceTree = "<group>"; };
		38A2126B282A9CCC00B56E03 /* Icon.png */ = {isa = PBXFileReference; lastKnownFileType = image.png; path = Icon.png; sourceTree = "<group>"; };
		38A2126D282CD13000B56E03 /* GoogleService-Info.plist */ = {isa = PBXFileReference; fileEncoding = 4; lastKnownFileType = text.plist.xml; path = "GoogleService-Info.plist"; sourceTree = "<group>"; };
/* End PBXFileReference section */

/* Begin PBXFrameworksBuildPhase section */
		38A21225282A064300B56E03 /* Frameworks */ = {
			isa = PBXFrameworksBuildPhase;
			buildActionMask = 2147483647;
			files = (
			);
			runOnlyForDeploymentPostprocessing = 0;
		};
		38A2123A282A064400B56E03 /* Frameworks */ = {
			isa = PBXFrameworksBuildPhase;
			buildActionMask = 2147483647;
			files = (
			);
			runOnlyForDeploymentPostprocessing = 0;
		};
		38A21244282A064400B56E03 /* Frameworks */ = {
			isa = PBXFrameworksBuildPhase;
			buildActionMask = 2147483647;
			files = (
			);
			runOnlyForDeploymentPostprocessing = 0;
		};
/* End PBXFrameworksBuildPhase section */

/* Begin PBXGroup section */
		38A2121F282A064300B56E03 = {
			isa = PBXGroup;
			children = (
				38A2122A282A064300B56E03 /* MetaMera */,
				38A21240282A064400B56E03 /* MetaMeraTests */,
				38A2124A282A064400B56E03 /* MetaMeraUITests */,
				38A21229282A064300B56E03 /* Products */,
			);
			sourceTree = "<group>";
		};
		38A21229282A064300B56E03 /* Products */ = {
			isa = PBXGroup;
			children = (
				38A21228282A064300B56E03 /* MetaMera.app */,
				38A2123D282A064400B56E03 /* MetaMeraTests.xctest */,
				38A21247282A064400B56E03 /* MetaMeraUITests.xctest */,
			);
			name = Products;
			sourceTree = "<group>";
		};
		38A2122A282A064300B56E03 /* MetaMera */ = {
			isa = PBXGroup;
			children = (
				38A2126D282CD13000B56E03 /* GoogleService-Info.plist */,
				38A2126A282A9C8A00B56E03 /* Image */,
				38A21268282A0E3E00B56E03 /* Info.plist */,
				38A2125A282A066000B56E03 /* Views */,
				38A2122B282A064300B56E03 /* AppDelegate.swift */,
				38A2122F282A064300B56E03 /* Experience.rcproject */,
				38A21234282A064400B56E03 /* Assets.xcassets */,
				38A21236282A064400B56E03 /* LaunchScreen.storyboard */,
			);
			path = MetaMera;
			sourceTree = "<group>";
		};
		38A21240282A064400B56E03 /* MetaMeraTests */ = {
			isa = PBXGroup;
			children = (
				38A21241282A064400B56E03 /* MetaMeraTests.swift */,
			);
			path = MetaMeraTests;
			sourceTree = "<group>";
		};
		38A2124A282A064400B56E03 /* MetaMeraUITests */ = {
			isa = PBXGroup;
			children = (
				38A2124B282A064400B56E03 /* MetaMeraUITests.swift */,
				38A2124D282A064400B56E03 /* MetaMeraUITestsLaunchTests.swift */,
			);
			path = MetaMeraUITests;
			sourceTree = "<group>";
		};
		38A2125A282A066000B56E03 /* Views */ = {
			isa = PBXGroup;
			children = (
				38A2125E282A067C00B56E03 /* SignUp */,
				38A2125D282A067400B56E03 /* AR */,
				38A2125C282A066F00B56E03 /* Main */,
				38A2125B282A066800B56E03 /* Top */,
			);
			path = Views;
			sourceTree = "<group>";
		};
		38A2125B282A066800B56E03 /* Top */ = {
			isa = PBXGroup;
			children = (
				38A21260282A091500B56E03 /* TopViewController.swift */,
				38A21261282A091500B56E03 /* TopViewController.xib */,
			);
			path = Top;
			sourceTree = "<group>";
		};
		38A2125C282A066F00B56E03 /* Main */ = {
			isa = PBXGroup;
			children = (
				38A2122D282A064300B56E03 /* ViewController.swift */,
				38A21231282A064300B56E03 /* Main.storyboard */,
			);
			path = Main;
			sourceTree = "<group>";
		};
		38A2125D282A067400B56E03 /* AR */ = {
			isa = PBXGroup;
			children = (
			);
			path = AR;
			sourceTree = "<group>";
		};
		38A2125E282A067C00B56E03 /* SignUp */ = {
			isa = PBXGroup;
			children = (
				38A21264282A09C200B56E03 /* SignUpViewController.swift */,
				38A21265282A09C200B56E03 /* SignUpViewController.xib */,
			);
			path = SignUp;
			sourceTree = "<group>";
		};
		38A2126A282A9C8A00B56E03 /* Image */ = {
			isa = PBXGroup;
			children = (
				38A2126B282A9CCC00B56E03 /* Icon.png */,
			);
			path = Image;
			sourceTree = "<group>";
		};
/* End PBXGroup section */

/* Begin PBXNativeTarget section */
		38A21227282A064300B56E03 /* MetaMera */ = {
			isa = PBXNativeTarget;
			buildConfigurationList = 38A21251282A064400B56E03 /* Build configuration list for PBXNativeTarget "MetaMera" */;
			buildPhases = (
				38A21224282A064300B56E03 /* Sources */,
				38A21225282A064300B56E03 /* Frameworks */,
				38A21226282A064300B56E03 /* Resources */,
			);
			buildRules = (
			);
			dependencies = (
			);
			name = MetaMera;
			productName = MetaMera;
			productReference = 38A21228282A064300B56E03 /* MetaMera.app */;
			productType = "com.apple.product-type.application";
		};
		38A2123C282A064400B56E03 /* MetaMeraTests */ = {
			isa = PBXNativeTarget;
			buildConfigurationList = 38A21254282A064400B56E03 /* Build configuration list for PBXNativeTarget "MetaMeraTests" */;
			buildPhases = (
				38A21239282A064400B56E03 /* Sources */,
				38A2123A282A064400B56E03 /* Frameworks */,
				38A2123B282A064400B56E03 /* Resources */,
			);
			buildRules = (
			);
			dependencies = (
				38A2123F282A064400B56E03 /* PBXTargetDependency */,
			);
			name = MetaMeraTests;
			productName = MetaMeraTests;
			productReference = 38A2123D282A064400B56E03 /* MetaMeraTests.xctest */;
			productType = "com.apple.product-type.bundle.unit-test";
		};
		38A21246282A064400B56E03 /* MetaMeraUITests */ = {
			isa = PBXNativeTarget;
			buildConfigurationList = 38A21257282A064400B56E03 /* Build configuration list for PBXNativeTarget "MetaMeraUITests" */;
			buildPhases = (
				38A21243282A064400B56E03 /* Sources */,
				38A21244282A064400B56E03 /* Frameworks */,
				38A21245282A064400B56E03 /* Resources */,
			);
			buildRules = (
			);
			dependencies = (
				38A21249282A064400B56E03 /* PBXTargetDependency */,
			);
			name = MetaMeraUITests;
			productName = MetaMeraUITests;
			productReference = 38A21247282A064400B56E03 /* MetaMeraUITests.xctest */;
			productType = "com.apple.product-type.bundle.ui-testing";
		};
/* End PBXNativeTarget section */

/* Begin PBXProject section */
		38A21220282A064300B56E03 /* Project object */ = {
			isa = PBXProject;
			attributes = {
				BuildIndependentTargetsInParallel = 1;
				LastSwiftUpdateCheck = 1330;
				LastUpgradeCheck = 1330;
				TargetAttributes = {
					38A21227282A064300B56E03 = {
						CreatedOnToolsVersion = 13.3.1;
					};
					38A2123C282A064400B56E03 = {
						CreatedOnToolsVersion = 13.3.1;
						TestTargetID = 38A21227282A064300B56E03;
					};
					38A21246282A064400B56E03 = {
						CreatedOnToolsVersion = 13.3.1;
						TestTargetID = 38A21227282A064300B56E03;
					};
				};
			};
			buildConfigurationList = 38A21223282A064300B56E03 /* Build configuration list for PBXProject "MetaMera" */;
			compatibilityVersion = "Xcode 13.0";
			developmentRegion = en;
			hasScannedForEncodings = 0;
			knownRegions = (
				en,
				Base,
			);
			mainGroup = 38A2121F282A064300B56E03;
			packageReferences = (
				38A21273282CD20C00B56E03 /* XCRemoteSwiftPackageReference "firebase-ios-sdk" */,
			);
			productRefGroup = 38A21229282A064300B56E03 /* Products */;
			projectDirPath = "";
			projectRoot = "";
			targets = (
				38A21227282A064300B56E03 /* MetaMera */,
				38A2123C282A064400B56E03 /* MetaMeraTests */,
				38A21246282A064400B56E03 /* MetaMeraUITests */,
			);
		};
/* End PBXProject section */

/* Begin PBXResourcesBuildPhase section */
		38A21226282A064300B56E03 /* Resources */ = {
			isa = PBXResourcesBuildPhase;
			buildActionMask = 2147483647;
			files = (
				38A2126C282A9CCC00B56E03 /* Icon.png in Resources */,
				38A21267282A09C200B56E03 /* SignUpViewController.xib in Resources */,
				38A21269282A104200B56E03 /* Main.storyboard in Resources */,
				38A21263282A091500B56E03 /* TopViewController.xib in Resources */,
				38A21238282A064400B56E03 /* LaunchScreen.storyboard in Resources */,
				38A21235282A064400B56E03 /* Assets.xcassets in Resources */,
				38A2126E282CD13000B56E03 /* GoogleService-Info.plist in Resources */,
			);
			runOnlyForDeploymentPostprocessing = 0;
		};
		38A2123B282A064400B56E03 /* Resources */ = {
			isa = PBXResourcesBuildPhase;
			buildActionMask = 2147483647;
			files = (
				38A2126F282CD13000B56E03 /* GoogleService-Info.plist in Resources */,
			);
			runOnlyForDeploymentPostprocessing = 0;
		};
		38A21245282A064400B56E03 /* Resources */ = {
			isa = PBXResourcesBuildPhase;
			buildActionMask = 2147483647;
			files = (
				38A21270282CD13000B56E03 /* GoogleService-Info.plist in Resources */,
			);
			runOnlyForDeploymentPostprocessing = 0;
		};
/* End PBXResourcesBuildPhase section */

/* Begin PBXSourcesBuildPhase section */
		38A21224282A064300B56E03 /* Sources */ = {
			isa = PBXSourcesBuildPhase;
			buildActionMask = 2147483647;
			files = (
				38A21262282A091500B56E03 /* TopViewController.swift in Sources */,
				38A2122E282A064300B56E03 /* ViewController.swift in Sources */,
				38A2122C282A064300B56E03 /* AppDelegate.swift in Sources */,
				38A21230282A064300B56E03 /* Experience.rcproject in Sources */,
				38A21266282A09C200B56E03 /* SignUpViewController.swift in Sources */,
			);
			runOnlyForDeploymentPostprocessing = 0;
		};
		38A21239282A064400B56E03 /* Sources */ = {
			isa = PBXSourcesBuildPhase;
			buildActionMask = 2147483647;
			files = (
				38A21242282A064400B56E03 /* MetaMeraTests.swift in Sources */,
			);
			runOnlyForDeploymentPostprocessing = 0;
		};
		38A21243282A064400B56E03 /* Sources */ = {
			isa = PBXSourcesBuildPhase;
			buildActionMask = 2147483647;
			files = (
				38A2124E282A064400B56E03 /* MetaMeraUITestsLaunchTests.swift in Sources */,
				38A2124C282A064400B56E03 /* MetaMeraUITests.swift in Sources */,
			);
			runOnlyForDeploymentPostprocessing = 0;
		};
/* End PBXSourcesBuildPhase section */

/* Begin PBXTargetDependency section */
		38A2123F282A064400B56E03 /* PBXTargetDependency */ = {
			isa = PBXTargetDependency;
			target = 38A21227282A064300B56E03 /* MetaMera */;
			targetProxy = 38A2123E282A064400B56E03 /* PBXContainerItemProxy */;
		};
		38A21249282A064400B56E03 /* PBXTargetDependency */ = {
			isa = PBXTargetDependency;
			target = 38A21227282A064300B56E03 /* MetaMera */;
			targetProxy = 38A21248282A064400B56E03 /* PBXContainerItemProxy */;
		};
/* End PBXTargetDependency section */

/* Begin PBXVariantGroup section */
		38A21231282A064300B56E03 /* Main.storyboard */ = {
			isa = PBXVariantGroup;
			children = (
				38A21232282A064300B56E03 /* Base */,
			);
			name = Main.storyboard;
			sourceTree = "<group>";
		};
		38A21236282A064400B56E03 /* LaunchScreen.storyboard */ = {
			isa = PBXVariantGroup;
			children = (
				38A21237282A064400B56E03 /* Base */,
			);
			name = LaunchScreen.storyboard;
			sourceTree = "<group>";
		};
/* End PBXVariantGroup section */

/* Begin XCBuildConfiguration section */
		38A2124F282A064400B56E03 /* Debug */ = {
			isa = XCBuildConfiguration;
			buildSettings = {
				ALWAYS_SEARCH_USER_PATHS = NO;
				CLANG_ANALYZER_NONNULL = YES;
				CLANG_ANALYZER_NUMBER_OBJECT_CONVERSION = YES_AGGRESSIVE;
				CLANG_CXX_LANGUAGE_STANDARD = "gnu++17";
				CLANG_ENABLE_MODULES = YES;
				CLANG_ENABLE_OBJC_ARC = YES;
				CLANG_ENABLE_OBJC_WEAK = YES;
				CLANG_WARN_BLOCK_CAPTURE_AUTORELEASING = YES;
				CLANG_WARN_BOOL_CONVERSION = YES;
				CLANG_WARN_COMMA = YES;
				CLANG_WARN_CONSTANT_CONVERSION = YES;
				CLANG_WARN_DEPRECATED_OBJC_IMPLEMENTATIONS = YES;
				CLANG_WARN_DIRECT_OBJC_ISA_USAGE = YES_ERROR;
				CLANG_WARN_DOCUMENTATION_COMMENTS = YES;
				CLANG_WARN_EMPTY_BODY = YES;
				CLANG_WARN_ENUM_CONVERSION = YES;
				CLANG_WARN_INFINITE_RECURSION = YES;
				CLANG_WARN_INT_CONVERSION = YES;
				CLANG_WARN_NON_LITERAL_NULL_CONVERSION = YES;
				CLANG_WARN_OBJC_IMPLICIT_RETAIN_SELF = YES;
				CLANG_WARN_OBJC_LITERAL_CONVERSION = YES;
				CLANG_WARN_OBJC_ROOT_CLASS = YES_ERROR;
				CLANG_WARN_QUOTED_INCLUDE_IN_FRAMEWORK_HEADER = YES;
				CLANG_WARN_RANGE_LOOP_ANALYSIS = YES;
				CLANG_WARN_STRICT_PROTOTYPES = YES;
				CLANG_WARN_SUSPICIOUS_MOVE = YES;
				CLANG_WARN_UNGUARDED_AVAILABILITY = YES_AGGRESSIVE;
				CLANG_WARN_UNREACHABLE_CODE = YES;
				CLANG_WARN__DUPLICATE_METHOD_MATCH = YES;
				COPY_PHASE_STRIP = NO;
				DEBUG_INFORMATION_FORMAT = dwarf;
				ENABLE_STRICT_OBJC_MSGSEND = YES;
				ENABLE_TESTABILITY = YES;
				GCC_C_LANGUAGE_STANDARD = gnu11;
				GCC_DYNAMIC_NO_PIC = NO;
				GCC_NO_COMMON_BLOCKS = YES;
				GCC_OPTIMIZATION_LEVEL = 0;
				GCC_PREPROCESSOR_DEFINITIONS = (
					"DEBUG=1",
					"$(inherited)",
				);
				GCC_WARN_64_TO_32_BIT_CONVERSION = YES;
				GCC_WARN_ABOUT_RETURN_TYPE = YES_ERROR;
				GCC_WARN_UNDECLARED_SELECTOR = YES;
				GCC_WARN_UNINITIALIZED_AUTOS = YES_AGGRESSIVE;
				GCC_WARN_UNUSED_FUNCTION = YES;
				GCC_WARN_UNUSED_VARIABLE = YES;
				IPHONEOS_DEPLOYMENT_TARGET = 15.4;
				MTL_ENABLE_DEBUG_INFO = INCLUDE_SOURCE;
				MTL_FAST_MATH = YES;
				ONLY_ACTIVE_ARCH = YES;
				SDKROOT = iphoneos;
				SWIFT_ACTIVE_COMPILATION_CONDITIONS = DEBUG;
				SWIFT_OPTIMIZATION_LEVEL = "-Onone";
			};
			name = Debug;
		};
		38A21250282A064400B56E03 /* Release */ = {
			isa = XCBuildConfiguration;
			buildSettings = {
				ALWAYS_SEARCH_USER_PATHS = NO;
				CLANG_ANALYZER_NONNULL = YES;
				CLANG_ANALYZER_NUMBER_OBJECT_CONVERSION = YES_AGGRESSIVE;
				CLANG_CXX_LANGUAGE_STANDARD = "gnu++17";
				CLANG_ENABLE_MODULES = YES;
				CLANG_ENABLE_OBJC_ARC = YES;
				CLANG_ENABLE_OBJC_WEAK = YES;
				CLANG_WARN_BLOCK_CAPTURE_AUTORELEASING = YES;
				CLANG_WARN_BOOL_CONVERSION = YES;
				CLANG_WARN_COMMA = YES;
				CLANG_WARN_CONSTANT_CONVERSION = YES;
				CLANG_WARN_DEPRECATED_OBJC_IMPLEMENTATIONS = YES;
				CLANG_WARN_DIRECT_OBJC_ISA_USAGE = YES_ERROR;
				CLANG_WARN_DOCUMENTATION_COMMENTS = YES;
				CLANG_WARN_EMPTY_BODY = YES;
				CLANG_WARN_ENUM_CONVERSION = YES;
				CLANG_WARN_INFINITE_RECURSION = YES;
				CLANG_WARN_INT_CONVERSION = YES;
				CLANG_WARN_NON_LITERAL_NULL_CONVERSION = YES;
				CLANG_WARN_OBJC_IMPLICIT_RETAIN_SELF = YES;
				CLANG_WARN_OBJC_LITERAL_CONVERSION = YES;
				CLANG_WARN_OBJC_ROOT_CLASS = YES_ERROR;
				CLANG_WARN_QUOTED_INCLUDE_IN_FRAMEWORK_HEADER = YES;
				CLANG_WARN_RANGE_LOOP_ANALYSIS = YES;
				CLANG_WARN_STRICT_PROTOTYPES = YES;
				CLANG_WARN_SUSPICIOUS_MOVE = YES;
				CLANG_WARN_UNGUARDED_AVAILABILITY = YES_AGGRESSIVE;
				CLANG_WARN_UNREACHABLE_CODE = YES;
				CLANG_WARN__DUPLICATE_METHOD_MATCH = YES;
				COPY_PHASE_STRIP = NO;
				DEBUG_INFORMATION_FORMAT = "dwarf-with-dsym";
				ENABLE_NS_ASSERTIONS = NO;
				ENABLE_STRICT_OBJC_MSGSEND = YES;
				GCC_C_LANGUAGE_STANDARD = gnu11;
				GCC_NO_COMMON_BLOCKS = YES;
				GCC_WARN_64_TO_32_BIT_CONVERSION = YES;
				GCC_WARN_ABOUT_RETURN_TYPE = YES_ERROR;
				GCC_WARN_UNDECLARED_SELECTOR = YES;
				GCC_WARN_UNINITIALIZED_AUTOS = YES_AGGRESSIVE;
				GCC_WARN_UNUSED_FUNCTION = YES;
				GCC_WARN_UNUSED_VARIABLE = YES;
				IPHONEOS_DEPLOYMENT_TARGET = 15.4;
				MTL_ENABLE_DEBUG_INFO = NO;
				MTL_FAST_MATH = YES;
				SDKROOT = iphoneos;
				SWIFT_COMPILATION_MODE = wholemodule;
				SWIFT_OPTIMIZATION_LEVEL = "-O";
				VALIDATE_PRODUCT = YES;
			};
			name = Release;
		};
		38A21252282A064400B56E03 /* Debug */ = {
			isa = XCBuildConfiguration;
			buildSettings = {
				ASSETCATALOG_COMPILER_APPICON_NAME = AppIcon;
				ASSETCATALOG_COMPILER_GLOBAL_ACCENT_COLOR_NAME = AccentColor;
				CODE_SIGN_STYLE = Automatic;
				CURRENT_PROJECT_VERSION = 1;
				DEVELOPMENT_TEAM = JH5QRQ7596;
				GENERATE_INFOPLIST_FILE = YES;
				INFOPLIST_FILE = MetaMera/Info.plist;
				INFOPLIST_KEY_CFBundleDisplayName = "Meta-Mera";
				INFOPLIST_KEY_NSCameraUsageDescription = "カメラ使う";
				INFOPLIST_KEY_NSLocationAlwaysAndWhenInUseUsageDescription = "他のユーザのつぶやきを表示するために使用します。";
				INFOPLIST_KEY_NSLocationWhenInUseUsageDescription = "他のユーザのつぶやきを表示するために使用します。";
				INFOPLIST_KEY_UIApplicationSupportsIndirectInputEvents = YES;
				INFOPLIST_KEY_UILaunchStoryboardName = LaunchScreen;
				INFOPLIST_KEY_UIMainStoryboardFile = Main;
				INFOPLIST_KEY_UIRequiredDeviceCapabilities = arkit;
				INFOPLIST_KEY_UIStatusBarHidden = YES;
				INFOPLIST_KEY_UISupportedInterfaceOrientations = UIInterfaceOrientationPortrait;
				INFOPLIST_KEY_UISupportedInterfaceOrientations_iPad = "UIInterfaceOrientationPortrait UIInterfaceOrientationPortraitUpsideDown UIInterfaceOrientationLandscapeLeft UIInterfaceOrientationLandscapeRight";
				INFOPLIST_KEY_UISupportedInterfaceOrientations_iPhone = "UIInterfaceOrientationPortrait UIInterfaceOrientationLandscapeLeft UIInterfaceOrientationLandscapeRight";
				IPHONEOS_DEPLOYMENT_TARGET = 15.4;
				LD_RUNPATH_SEARCH_PATHS = (
					"$(inherited)",
					"@executable_path/Frameworks",
				);
				MARKETING_VERSION = 1.0;
				PRODUCT_BUNDLE_IDENTIFIER = com.github.jim112o.MetaMera;
				PRODUCT_NAME = "$(TARGET_NAME)";
				SWIFT_EMIT_LOC_STRINGS = YES;
				SWIFT_VERSION = 5.0;
				TARGETED_DEVICE_FAMILY = "1,2";
			};
			name = Debug;
		};
		38A21253282A064400B56E03 /* Release */ = {
			isa = XCBuildConfiguration;
			buildSettings = {
				ASSETCATALOG_COMPILER_APPICON_NAME = AppIcon;
				ASSETCATALOG_COMPILER_GLOBAL_ACCENT_COLOR_NAME = AccentColor;
				CODE_SIGN_STYLE = Automatic;
				CURRENT_PROJECT_VERSION = 1;
				DEVELOPMENT_TEAM = JH5QRQ7596;
				GENERATE_INFOPLIST_FILE = YES;
				INFOPLIST_FILE = MetaMera/Info.plist;
				INFOPLIST_KEY_CFBundleDisplayName = "Meta-Mera";
				INFOPLIST_KEY_NSCameraUsageDescription = "カメラ使う";
				INFOPLIST_KEY_NSLocationAlwaysAndWhenInUseUsageDescription = "他のユーザのつぶやきを表示するために使用します。";
				INFOPLIST_KEY_NSLocationWhenInUseUsageDescription = "他のユーザのつぶやきを表示するために使用します。";
				INFOPLIST_KEY_UIApplicationSupportsIndirectInputEvents = YES;
				INFOPLIST_KEY_UILaunchStoryboardName = LaunchScreen;
				INFOPLIST_KEY_UIMainStoryboardFile = Main;
				INFOPLIST_KEY_UIRequiredDeviceCapabilities = arkit;
				INFOPLIST_KEY_UIStatusBarHidden = YES;
				INFOPLIST_KEY_UISupportedInterfaceOrientations = UIInterfaceOrientationPortrait;
				INFOPLIST_KEY_UISupportedInterfaceOrientations_iPad = "UIInterfaceOrientationPortrait UIInterfaceOrientationPortraitUpsideDown UIInterfaceOrientationLandscapeLeft UIInterfaceOrientationLandscapeRight";
				INFOPLIST_KEY_UISupportedInterfaceOrientations_iPhone = "UIInterfaceOrientationPortrait UIInterfaceOrientationLandscapeLeft UIInterfaceOrientationLandscapeRight";
				IPHONEOS_DEPLOYMENT_TARGET = 15.4;
				LD_RUNPATH_SEARCH_PATHS = (
					"$(inherited)",
					"@executable_path/Frameworks",
				);
				MARKETING_VERSION = 1.0;
				PRODUCT_BUNDLE_IDENTIFIER = com.github.jim112o.MetaMera;
				PRODUCT_NAME = "$(TARGET_NAME)";
				SWIFT_EMIT_LOC_STRINGS = YES;
				SWIFT_VERSION = 5.0;
				TARGETED_DEVICE_FAMILY = "1,2";
			};
			name = Release;
		};
		38A21255282A064400B56E03 /* Debug */ = {
			isa = XCBuildConfiguration;
			buildSettings = {
				ALWAYS_EMBED_SWIFT_STANDARD_LIBRARIES = YES;
				BUNDLE_LOADER = "$(TEST_HOST)";
				CODE_SIGN_STYLE = Automatic;
				CURRENT_PROJECT_VERSION = 1;
				DEVELOPMENT_TEAM = JH5QRQ7596;
				GENERATE_INFOPLIST_FILE = YES;
				IPHONEOS_DEPLOYMENT_TARGET = 15.4;
				MARKETING_VERSION = 1.0;
				PRODUCT_BUNDLE_IDENTIFIER = com.github.jim112o.MetaMeraTests;
				PRODUCT_NAME = "$(TARGET_NAME)";
				SWIFT_EMIT_LOC_STRINGS = NO;
				SWIFT_VERSION = 5.0;
				TARGETED_DEVICE_FAMILY = "1,2";
				TEST_HOST = "$(BUILT_PRODUCTS_DIR)/MetaMera.app/MetaMera";
			};
			name = Debug;
		};
		38A21256282A064400B56E03 /* Release */ = {
			isa = XCBuildConfiguration;
			buildSettings = {
				ALWAYS_EMBED_SWIFT_STANDARD_LIBRARIES = YES;
				BUNDLE_LOADER = "$(TEST_HOST)";
				CODE_SIGN_STYLE = Automatic;
				CURRENT_PROJECT_VERSION = 1;
				DEVELOPMENT_TEAM = JH5QRQ7596;
				GENERATE_INFOPLIST_FILE = YES;
				IPHONEOS_DEPLOYMENT_TARGET = 15.4;
				MARKETING_VERSION = 1.0;
				PRODUCT_BUNDLE_IDENTIFIER = com.github.jim112o.MetaMeraTests;
				PRODUCT_NAME = "$(TARGET_NAME)";
				SWIFT_EMIT_LOC_STRINGS = NO;
				SWIFT_VERSION = 5.0;
				TARGETED_DEVICE_FAMILY = "1,2";
				TEST_HOST = "$(BUILT_PRODUCTS_DIR)/MetaMera.app/MetaMera";
			};
			name = Release;
		};
		38A21258282A064400B56E03 /* Debug */ = {
			isa = XCBuildConfiguration;
			buildSettings = {
				ALWAYS_EMBED_SWIFT_STANDARD_LIBRARIES = YES;
				CODE_SIGN_STYLE = Automatic;
				CURRENT_PROJECT_VERSION = 1;
				DEVELOPMENT_TEAM = JH5QRQ7596;
				GENERATE_INFOPLIST_FILE = YES;
				MARKETING_VERSION = 1.0;
				PRODUCT_BUNDLE_IDENTIFIER = com.github.jim112o.MetaMeraUITests;
				PRODUCT_NAME = "$(TARGET_NAME)";
				SWIFT_EMIT_LOC_STRINGS = NO;
				SWIFT_VERSION = 5.0;
				TARGETED_DEVICE_FAMILY = "1,2";
				TEST_TARGET_NAME = MetaMera;
			};
			name = Debug;
		};
		38A21259282A064400B56E03 /* Release */ = {
			isa = XCBuildConfiguration;
			buildSettings = {
				ALWAYS_EMBED_SWIFT_STANDARD_LIBRARIES = YES;
				CODE_SIGN_STYLE = Automatic;
				CURRENT_PROJECT_VERSION = 1;
				DEVELOPMENT_TEAM = JH5QRQ7596;
				GENERATE_INFOPLIST_FILE = YES;
				MARKETING_VERSION = 1.0;
				PRODUCT_BUNDLE_IDENTIFIER = com.github.jim112o.MetaMeraUITests;
				PRODUCT_NAME = "$(TARGET_NAME)";
				SWIFT_EMIT_LOC_STRINGS = NO;
				SWIFT_VERSION = 5.0;
				TARGETED_DEVICE_FAMILY = "1,2";
				TEST_TARGET_NAME = MetaMera;
			};
			name = Release;
		};
/* End XCBuildConfiguration section */

/* Begin XCConfigurationList section */
		38A21223282A064300B56E03 /* Build configuration list for PBXProject "MetaMera" */ = {
			isa = XCConfigurationList;
			buildConfigurations = (
				38A2124F282A064400B56E03 /* Debug */,
				38A21250282A064400B56E03 /* Release */,
			);
			defaultConfigurationIsVisible = 0;
			defaultConfigurationName = Release;
		};
		38A21251282A064400B56E03 /* Build configuration list for PBXNativeTarget "MetaMera" */ = {
			isa = XCConfigurationList;
			buildConfigurations = (
				38A21252282A064400B56E03 /* Debug */,
				38A21253282A064400B56E03 /* Release */,
			);
			defaultConfigurationIsVisible = 0;
			defaultConfigurationName = Release;
		};
		38A21254282A064400B56E03 /* Build configuration list for PBXNativeTarget "MetaMeraTests" */ = {
			isa = XCConfigurationList;
			buildConfigurations = (
				38A21255282A064400B56E03 /* Debug */,
				38A21256282A064400B56E03 /* Release */,
			);
			defaultConfigurationIsVisible = 0;
			defaultConfigurationName = Release;
		};
		38A21257282A064400B56E03 /* Build configuration list for PBXNativeTarget "MetaMeraUITests" */ = {
			isa = XCConfigurationList;
			buildConfigurations = (
				38A21258282A064400B56E03 /* Debug */,
				38A21259282A064400B56E03 /* Release */,
			);
			defaultConfigurationIsVisible = 0;
			defaultConfigurationName = Release;
		};
/* End XCConfigurationList section */

/* Begin XCRemoteSwiftPackageReference section */
		38A21273282CD20C00B56E03 /* XCRemoteSwiftPackageReference "firebase-ios-sdk" */ = {
			isa = XCRemoteSwiftPackageReference;
			repositoryURL = "https://github.com/firebase/firebase-ios-sdk";
			requirement = {
				branch = master;
				kind = branch;
			};
		};
/* End XCRemoteSwiftPackageReference section */
	};
	rootObject = 38A21220282A064300B56E03 /* Project object */;
}
