// !$*UTF8*$!
{
	archiveVersion = 1;
	classes = {
	};
	objectVersion = 55;
	objects = {

/* Begin PBXBuildFile section */
		06B1CC142861664900116CF0 /* ChatRoomTableViewCell.swift in Sources */ = {isa = PBXBuildFile; fileRef = 06B1CC122861664900116CF0 /* ChatRoomTableViewCell.swift */; };
		06B1CC152861664900116CF0 /* ChatRoomTableViewCell.xib in Resources */ = {isa = PBXBuildFile; fileRef = 06B1CC132861664900116CF0 /* ChatRoomTableViewCell.xib */; };
		382713882831F95F004BEB01 /* SignInViewController.swift in Sources */ = {isa = PBXBuildFile; fileRef = 382713862831F95F004BEB01 /* SignInViewController.swift */; };
		382713892831F95F004BEB01 /* SignInViewController.xib in Resources */ = {isa = PBXBuildFile; fileRef = 382713872831F95F004BEB01 /* SignInViewController.xib */; };
		382713EE28328998004BEB01 /* TopViewController.storyboard in Resources */ = {isa = PBXBuildFile; fileRef = 382713ED28328998004BEB01 /* TopViewController.storyboard */; };
		382713F028332648004BEB01 /* AppDelegate.swift in Sources */ = {isa = PBXBuildFile; fileRef = 382713EF28332648004BEB01 /* AppDelegate.swift */; };
		382713F22833423A004BEB01 /* ARViewController.storyboard in Resources */ = {isa = PBXBuildFile; fileRef = 382713F12833423A004BEB01 /* ARViewController.storyboard */; };
		38271474283472C0004BEB01 /* ChatViewController.swift in Sources */ = {isa = PBXBuildFile; fileRef = 38271472283472C0004BEB01 /* ChatViewController.swift */; };
		38271475283472C0004BEB01 /* ChatViewController.xib in Resources */ = {isa = PBXBuildFile; fileRef = 38271473283472C0004BEB01 /* ChatViewController.xib */; };
		382F6AB2286D44730056BFA2 /* User.swift in Sources */ = {isa = PBXBuildFile; fileRef = 382F6AB1286D44730056BFA2 /* User.swift */; };
		383AC1D2288E398600B5BE12 /* PostImageTableViewCell.swift in Sources */ = {isa = PBXBuildFile; fileRef = 383AC1D1288E398600B5BE12 /* PostImageTableViewCell.swift */; };
		383AC1D4288E39E900B5BE12 /* PostImageTableViewCell.xib in Resources */ = {isa = PBXBuildFile; fileRef = 383AC1D3288E39E900B5BE12 /* PostImageTableViewCell.xib */; };
		385B6E1D28DCB28F007DEDF1 /* DebugViewController.swift in Sources */ = {isa = PBXBuildFile; fileRef = 385B6E1C28DCB28F007DEDF1 /* DebugViewController.swift */; };
		385B6E1F28DCB2A0007DEDF1 /* DebugViewController.storyboard in Resources */ = {isa = PBXBuildFile; fileRef = 385B6E1E28DCB2A0007DEDF1 /* DebugViewController.storyboard */; };
		385B6E2528DCB480007DEDF1 /* PostTableViewCell.swift in Sources */ = {isa = PBXBuildFile; fileRef = 385B6E2328DCB480007DEDF1 /* PostTableViewCell.swift */; };
		385B6E2628DCB480007DEDF1 /* PostTableViewCell.xib in Resources */ = {isa = PBXBuildFile; fileRef = 385B6E2428DCB480007DEDF1 /* PostTableViewCell.xib */; };
		3875B8FA29078EBC0079304D /* MenuType.swift in Sources */ = {isa = PBXBuildFile; fileRef = 3875B8F929078EBC0079304D /* MenuType.swift */; };
		3875B926290A1DC90079304D /* ReportCommentViewController.storyboard in Resources */ = {isa = PBXBuildFile; fileRef = 3875B92A290A1DC90079304D /* ReportCommentViewController.storyboard */; };
		3875B927290A1DC90079304D /* ReportCommentViewController.storyboard in Resources */ = {isa = PBXBuildFile; fileRef = 3875B92A290A1DC90079304D /* ReportCommentViewController.storyboard */; };
		3875B928290A1DC90079304D /* ReportCommentViewController.storyboard in Resources */ = {isa = PBXBuildFile; fileRef = 3875B92A290A1DC90079304D /* ReportCommentViewController.storyboard */; };
		3875B934290A1F310079304D /* ReportViewController.storyboard in Resources */ = {isa = PBXBuildFile; fileRef = 3875B938290A1F310079304D /* ReportViewController.storyboard */; };
		3875B935290A1F310079304D /* ReportViewController.storyboard in Resources */ = {isa = PBXBuildFile; fileRef = 3875B938290A1F310079304D /* ReportViewController.storyboard */; };
		3875B936290A1F310079304D /* ReportViewController.storyboard in Resources */ = {isa = PBXBuildFile; fileRef = 3875B938290A1F310079304D /* ReportViewController.storyboard */; };
		3875B93E290A22480079304D /* LocalizeKey.swift in Sources */ = {isa = PBXBuildFile; fileRef = 3875B93D290A22480079304D /* LocalizeKey.swift */; };
		3875B93F290A22480079304D /* LocalizeKey.swift in Sources */ = {isa = PBXBuildFile; fileRef = 3875B93D290A22480079304D /* LocalizeKey.swift */; };
		3875B940290A22480079304D /* LocalizeKey.swift in Sources */ = {isa = PBXBuildFile; fileRef = 3875B93D290A22480079304D /* LocalizeKey.swift */; };
		3875B941290A22B80079304D /* Localizable.strings in Resources */ = {isa = PBXBuildFile; fileRef = 3875B945290A22B80079304D /* Localizable.strings */; };
		3875B942290A22B80079304D /* Localizable.strings in Resources */ = {isa = PBXBuildFile; fileRef = 3875B945290A22B80079304D /* Localizable.strings */; };
		3875B943290A22B80079304D /* Localizable.strings in Resources */ = {isa = PBXBuildFile; fileRef = 3875B945290A22B80079304D /* Localizable.strings */; };
		3875B94B290A232C0079304D /* Localizable.strings in Resources */ = {isa = PBXBuildFile; fileRef = 3875B94F290A232C0079304D /* Localizable.strings */; };
		3875B94C290A232C0079304D /* Localizable.strings in Resources */ = {isa = PBXBuildFile; fileRef = 3875B94F290A232C0079304D /* Localizable.strings */; };
		3875B94D290A232C0079304D /* Localizable.strings in Resources */ = {isa = PBXBuildFile; fileRef = 3875B94F290A232C0079304D /* Localizable.strings */; };
		387EA2D328C76EBF00629B4B /* ArObject.swift in Sources */ = {isa = PBXBuildFile; fileRef = 387EA2D228C76EBF00629B4B /* ArObject.swift */; };
		387EA2D528C7723000629B4B /* LNTouchDelegate-Extension.swift in Sources */ = {isa = PBXBuildFile; fileRef = 387EA2D428C7723000629B4B /* LNTouchDelegate-Extension.swift */; };
		387EA2D728CF76F400629B4B /* UIImage-Extension.swift in Sources */ = {isa = PBXBuildFile; fileRef = 387EA2D628CF76F400629B4B /* UIImage-Extension.swift */; };
		387EA2DC28CF78A900629B4B /* ChangeProfileViewController.swift in Sources */ = {isa = PBXBuildFile; fileRef = 387EA2DB28CF78A900629B4B /* ChangeProfileViewController.swift */; };
		387EA2DE28CF78B400629B4B /* ChangeProfileViewController.storyboard in Resources */ = {isa = PBXBuildFile; fileRef = 387EA2DD28CF78B400629B4B /* ChangeProfileViewController.storyboard */; };
		388EA9AB289E9AF800A79746 /* ImageCollectionViewCell.swift in Sources */ = {isa = PBXBuildFile; fileRef = 388EA9A9289E9AF800A79746 /* ImageCollectionViewCell.swift */; };
		388EA9AC289E9AF800A79746 /* ImageCollectionViewCell.xib in Resources */ = {isa = PBXBuildFile; fileRef = 388EA9AA289E9AF800A79746 /* ImageCollectionViewCell.xib */; };
		388EA9AE28A555E800A79746 /* Notifications.swift in Sources */ = {isa = PBXBuildFile; fileRef = 388EA9AD28A555E800A79746 /* Notifications.swift */; };
		388ECDBE290619EE009C9DE1 /* Report.swift in Sources */ = {isa = PBXBuildFile; fileRef = 388ECDBD290619EE009C9DE1 /* Report.swift */; };
		388ECDBF290619EE009C9DE1 /* Report.swift in Sources */ = {isa = PBXBuildFile; fileRef = 388ECDBD290619EE009C9DE1 /* Report.swift */; };
		388ECDC0290619EE009C9DE1 /* Report.swift in Sources */ = {isa = PBXBuildFile; fileRef = 388ECDBD290619EE009C9DE1 /* Report.swift */; };
		388ECDC229061A18009C9DE1 /* ReportModel.swift in Sources */ = {isa = PBXBuildFile; fileRef = 388ECDC129061A18009C9DE1 /* ReportModel.swift */; };
		388ECDC329061A18009C9DE1 /* ReportModel.swift in Sources */ = {isa = PBXBuildFile; fileRef = 388ECDC129061A18009C9DE1 /* ReportModel.swift */; };
		388ECDC429061A18009C9DE1 /* ReportModel.swift in Sources */ = {isa = PBXBuildFile; fileRef = 388ECDC129061A18009C9DE1 /* ReportModel.swift */; };
		388ECDC629061D90009C9DE1 /* ReportItem.swift in Sources */ = {isa = PBXBuildFile; fileRef = 388ECDC529061D90009C9DE1 /* ReportItem.swift */; };
		388ECDC729061D90009C9DE1 /* ReportItem.swift in Sources */ = {isa = PBXBuildFile; fileRef = 388ECDC529061D90009C9DE1 /* ReportItem.swift */; };
		388ECDC829061D90009C9DE1 /* ReportItem.swift in Sources */ = {isa = PBXBuildFile; fileRef = 388ECDC529061D90009C9DE1 /* ReportItem.swift */; };
		388ECDCC29063709009C9DE1 /* ReportViewController.swift in Sources */ = {isa = PBXBuildFile; fileRef = 388ECDCB29063709009C9DE1 /* ReportViewController.swift */; };
		388ECDCD29063709009C9DE1 /* ReportViewController.swift in Sources */ = {isa = PBXBuildFile; fileRef = 388ECDCB29063709009C9DE1 /* ReportViewController.swift */; };
		388ECDCE29063709009C9DE1 /* ReportViewController.swift in Sources */ = {isa = PBXBuildFile; fileRef = 388ECDCB29063709009C9DE1 /* ReportViewController.swift */; };
		388ECDD52907705F009C9DE1 /* ReportCommentViewController.swift in Sources */ = {isa = PBXBuildFile; fileRef = 388ECDD42907705F009C9DE1 /* ReportCommentViewController.swift */; };
		388ECDD62907705F009C9DE1 /* ReportCommentViewController.swift in Sources */ = {isa = PBXBuildFile; fileRef = 388ECDD42907705F009C9DE1 /* ReportCommentViewController.swift */; };
		388ECDD72907705F009C9DE1 /* ReportCommentViewController.swift in Sources */ = {isa = PBXBuildFile; fileRef = 388ECDD42907705F009C9DE1 /* ReportCommentViewController.swift */; };
		389024C62835DAD4004DC3F3 /* UIColor-Extension.swift in Sources */ = {isa = PBXBuildFile; fileRef = 389024C52835DAD4004DC3F3 /* UIColor-Extension.swift */; };
		38968054283F03B1008E1302 /* StartUpStoryboard.storyboard in Resources */ = {isa = PBXBuildFile; fileRef = 38968053283F03B1008E1302 /* StartUpStoryboard.storyboard */; };
		38968057283F04CE008E1302 /* StartUpViewController.swift in Sources */ = {isa = PBXBuildFile; fileRef = 38968055283F04CE008E1302 /* StartUpViewController.swift */; };
		3896805B28445926008E1302 /* ArObjectOld.swift in Sources */ = {isa = PBXBuildFile; fileRef = 3896805A28445926008E1302 /* ArObjectOld.swift */; };
		3896805E284A4CAE008E1302 /* Goto.swift in Sources */ = {isa = PBXBuildFile; fileRef = 3896805D284A4CAE008E1302 /* Goto.swift */; };
		38968068284C76C8008E1302 /* ProfileViewController.swift in Sources */ = {isa = PBXBuildFile; fileRef = 38968066284C76C8008E1302 /* ProfileViewController.swift */; };
		3896806B284C7755008E1302 /* ProfileViewController.storyboard in Resources */ = {isa = PBXBuildFile; fileRef = 3896806A284C7755008E1302 /* ProfileViewController.storyboard */; };
		38A05CEB289547D000F0CC40 /* SignUpModel.swift in Sources */ = {isa = PBXBuildFile; fileRef = 38A05CEA289547D000F0CC40 /* SignUpModel.swift */; };
		38A2122C282A064300B56E03 /* TopViewController.swift in Sources */ = {isa = PBXBuildFile; fileRef = 38A2122B282A064300B56E03 /* TopViewController.swift */; };
		38A2122E282A064300B56E03 /* ViewController.swift in Sources */ = {isa = PBXBuildFile; fileRef = 38A2122D282A064300B56E03 /* ViewController.swift */; };
		38A21230282A064300B56E03 /* Experience.rcproject in Sources */ = {isa = PBXBuildFile; fileRef = 38A2122F282A064300B56E03 /* Experience.rcproject */; };
		38A21235282A064400B56E03 /* Assets.xcassets in Resources */ = {isa = PBXBuildFile; fileRef = 38A21234282A064400B56E03 /* Assets.xcassets */; };
		38A21238282A064400B56E03 /* LaunchScreen.storyboard in Resources */ = {isa = PBXBuildFile; fileRef = 38A21236282A064400B56E03 /* LaunchScreen.storyboard */; };
		38A21242282A064400B56E03 /* MetaMeraTests.swift in Sources */ = {isa = PBXBuildFile; fileRef = 38A21241282A064400B56E03 /* MetaMeraTests.swift */; };
		38A2124C282A064400B56E03 /* MetaMeraUITests.swift in Sources */ = {isa = PBXBuildFile; fileRef = 38A2124B282A064400B56E03 /* MetaMeraUITests.swift */; };
		38A2124E282A064400B56E03 /* MetaMeraUITestsLaunchTests.swift in Sources */ = {isa = PBXBuildFile; fileRef = 38A2124D282A064400B56E03 /* MetaMeraUITestsLaunchTests.swift */; };
		38A21266282A09C200B56E03 /* SignUpViewController.swift in Sources */ = {isa = PBXBuildFile; fileRef = 38A21264282A09C200B56E03 /* SignUpViewController.swift */; };
		38A21267282A09C200B56E03 /* SignUpViewController.xib in Resources */ = {isa = PBXBuildFile; fileRef = 38A21265282A09C200B56E03 /* SignUpViewController.xib */; };
		38A21269282A104200B56E03 /* Main.storyboard in Resources */ = {isa = PBXBuildFile; fileRef = 38A21231282A064300B56E03 /* Main.storyboard */; };
		38A2127B282CE0DB00B56E03 /* ARViewController.swift in Sources */ = {isa = PBXBuildFile; fileRef = 38A21279282CE0DB00B56E03 /* ARViewController.swift */; };
		38A2127C282CE0DB00B56E03 /* ARViewController.swift in Sources */ = {isa = PBXBuildFile; fileRef = 38A21279282CE0DB00B56E03 /* ARViewController.swift */; };
		38A2127D282CE0DB00B56E03 /* ARViewController.swift in Sources */ = {isa = PBXBuildFile; fileRef = 38A21279282CE0DB00B56E03 /* ARViewController.swift */; };
		38A21282282CE15800B56E03 /* utakata-Regular.otf in Resources */ = {isa = PBXBuildFile; fileRef = 38A21281282CE15800B56E03 /* utakata-Regular.otf */; };
		38A21283282CE15800B56E03 /* utakata-Regular.otf in Resources */ = {isa = PBXBuildFile; fileRef = 38A21281282CE15800B56E03 /* utakata-Regular.otf */; };
		38A21284282CE15800B56E03 /* utakata-Regular.otf in Resources */ = {isa = PBXBuildFile; fileRef = 38A21281282CE15800B56E03 /* utakata-Regular.otf */; };
		38A21286282CE3AF00B56E03 /* bokutachi.otf in Resources */ = {isa = PBXBuildFile; fileRef = 38A21285282CE3AF00B56E03 /* bokutachi.otf */; };
		38A21287282CE3AF00B56E03 /* bokutachi.otf in Resources */ = {isa = PBXBuildFile; fileRef = 38A21285282CE3AF00B56E03 /* bokutachi.otf */; };
		38A21288282CE3AF00B56E03 /* bokutachi.otf in Resources */ = {isa = PBXBuildFile; fileRef = 38A21285282CE3AF00B56E03 /* bokutachi.otf */; };
		38A2128A282CEB8200B56E03 /* GoogleService-Info.plist in Resources */ = {isa = PBXBuildFile; fileRef = 38A21289282CEB8200B56E03 /* GoogleService-Info.plist */; };
		38A2128B282CEB8200B56E03 /* GoogleService-Info.plist in Resources */ = {isa = PBXBuildFile; fileRef = 38A21289282CEB8200B56E03 /* GoogleService-Info.plist */; };
		38A2128C282CEB8200B56E03 /* GoogleService-Info.plist in Resources */ = {isa = PBXBuildFile; fileRef = 38A21289282CEB8200B56E03 /* GoogleService-Info.plist */; };
		38A8B93128DDF30A000E86FD /* URL-Extension.swift in Sources */ = {isa = PBXBuildFile; fileRef = 38A8B93028DDF30A000E86FD /* URL-Extension.swift */; };
		38A8B93328DDFB05000E86FD /* RemoteConfigClient.swift in Sources */ = {isa = PBXBuildFile; fileRef = 38A8B93228DDFB05000E86FD /* RemoteConfigClient.swift */; };
		38A8B93528DDFB3E000E86FD /* RemoteConfigClientProtocol.swift in Sources */ = {isa = PBXBuildFile; fileRef = 38A8B93428DDFB3E000E86FD /* RemoteConfigClientProtocol.swift */; };
		38A8B93828DDFDFB000E86FD /* ServerMaintenanceConfig.swift in Sources */ = {isa = PBXBuildFile; fileRef = 38A8B93728DDFDFB000E86FD /* ServerMaintenanceConfig.swift */; };
		38A8B93C28E49463000E86FD /* PostUploadModel.swift in Sources */ = {isa = PBXBuildFile; fileRef = 38A8B93B28E49463000E86FD /* PostUploadModel.swift */; };
		38A8B93E28E494CD000E86FD /* PostItem.swift in Sources */ = {isa = PBXBuildFile; fileRef = 38A8B93D28E494CD000E86FD /* PostItem.swift */; };
		38A8B94228E6D279000E86FD /* PlaceTextView.swift in Sources */ = {isa = PBXBuildFile; fileRef = 38A8B94028E6D279000E86FD /* PlaceTextView.swift */; };
		38A8B94328E6D279000E86FD /* PlaceTextView.swift in Sources */ = {isa = PBXBuildFile; fileRef = 38A8B94028E6D279000E86FD /* PlaceTextView.swift */; };
		38A8B94428E6D279000E86FD /* PlaceTextView.swift in Sources */ = {isa = PBXBuildFile; fileRef = 38A8B94028E6D279000E86FD /* PlaceTextView.swift */; };
		38A8B94528E6D279000E86FD /* PlaceTextView.xib in Resources */ = {isa = PBXBuildFile; fileRef = 38A8B94128E6D279000E86FD /* PlaceTextView.xib */; };
		38A8B94628E6D279000E86FD /* PlaceTextView.xib in Resources */ = {isa = PBXBuildFile; fileRef = 38A8B94128E6D279000E86FD /* PlaceTextView.xib */; };
		38A8B94728E6D279000E86FD /* PlaceTextView.xib in Resources */ = {isa = PBXBuildFile; fileRef = 38A8B94128E6D279000E86FD /* PlaceTextView.xib */; };
		38A8B94A28E92CE4000E86FD /* Accessory.swift in Sources */ = {isa = PBXBuildFile; fileRef = 38A8B94928E92CE4000E86FD /* Accessory.swift */; };
		38A8B94B28E92CE4000E86FD /* Accessory.swift in Sources */ = {isa = PBXBuildFile; fileRef = 38A8B94928E92CE4000E86FD /* Accessory.swift */; };
		38A8B94C28E92CE4000E86FD /* Accessory.swift in Sources */ = {isa = PBXBuildFile; fileRef = 38A8B94928E92CE4000E86FD /* Accessory.swift */; };
		38AB508B285AD3A700AF4F80 /* ChatRoomController.swift in Sources */ = {isa = PBXBuildFile; fileRef = 38AB508A285AD3A700AF4F80 /* ChatRoomController.swift */; };
		38AB508E285AD3B800AF4F80 /* ChatRoomController.storyboard in Resources */ = {isa = PBXBuildFile; fileRef = 38AB508D285AD3B800AF4F80 /* ChatRoomController.storyboard */; };
		38AD14C2289249EF001D1769 /* SignInModel.swift in Sources */ = {isa = PBXBuildFile; fileRef = 38AD14C1289249EF001D1769 /* SignInModel.swift */; };
		38AD14C5289266BE001D1769 /* SignItem.swift in Sources */ = {isa = PBXBuildFile; fileRef = 38AD14C4289266BE001D1769 /* SignItem.swift */; };
		38AD941929149D44004F0C9F /* LikeUsers.swift in Sources */ = {isa = PBXBuildFile; fileRef = 38AD941829149D44004F0C9F /* LikeUsers.swift */; };
		38D2443728F903A80013D13C /* LocationManager.swift in Sources */ = {isa = PBXBuildFile; fileRef = 38D2443628F903A80013D13C /* LocationManager.swift */; };
		38D2443828F903A80013D13C /* LocationManager.swift in Sources */ = {isa = PBXBuildFile; fileRef = 38D2443628F903A80013D13C /* LocationManager.swift */; };
		38D2443928F903A80013D13C /* LocationManager.swift in Sources */ = {isa = PBXBuildFile; fileRef = 38D2443628F903A80013D13C /* LocationManager.swift */; };
		38D2443F28F924C60013D13C /* AreaId.swift in Sources */ = {isa = PBXBuildFile; fileRef = 38D2443E28F924C60013D13C /* AreaId.swift */; };
		38D2444028F924C60013D13C /* AreaId.swift in Sources */ = {isa = PBXBuildFile; fileRef = 38D2443E28F924C60013D13C /* AreaId.swift */; };
		38D2444128F924C60013D13C /* AreaId.swift in Sources */ = {isa = PBXBuildFile; fileRef = 38D2443E28F924C60013D13C /* AreaId.swift */; };
		38DA36BB28D16228004006B6 /* UserProfileProtocol.swift in Sources */ = {isa = PBXBuildFile; fileRef = 38DA36BA28D16228004006B6 /* UserProfileProtocol.swift */; };
		38E9AE2A2865641300EB71D6 /* Profile.swift in Sources */ = {isa = PBXBuildFile; fileRef = 38E9AE292865641300EB71D6 /* Profile.swift */; };
		38FAA642287860BD000521DD /* UIImageView-Extension.swift in Sources */ = {isa = PBXBuildFile; fileRef = 38FAA641287860BD000521DD /* UIImageView-Extension.swift */; };
		38FAA644287D20C5000521DD /* UITraitCollection-Extension.swift in Sources */ = {isa = PBXBuildFile; fileRef = 38FAA643287D20C5000521DD /* UITraitCollection-Extension.swift */; };
		38FAA646287FAFA6000521DD /* ChatRoom.swift in Sources */ = {isa = PBXBuildFile; fileRef = 38FAA645287FAFA6000521DD /* ChatRoom.swift */; };
		38FAA648287FAFE4000521DD /* Comment.swift in Sources */ = {isa = PBXBuildFile; fileRef = 38FAA647287FAFE4000521DD /* Comment.swift */; };
		38FAA64A28801229000521DD /* Post.swift in Sources */ = {isa = PBXBuildFile; fileRef = 38FAA64928801229000521DD /* Post.swift */; };
		38FAA64D28815736000521DD /* CreateNewPostViewController.swift in Sources */ = {isa = PBXBuildFile; fileRef = 38FAA64C28815736000521DD /* CreateNewPostViewController.swift */; };
		38FAA64F28815740000521DD /* CreateNewPostViewController.storyboard in Resources */ = {isa = PBXBuildFile; fileRef = 38FAA64E28815740000521DD /* CreateNewPostViewController.storyboard */; };
		4855586E8B131614D9B1EC7D /* Pods_MetaMeraTests.framework in Frameworks */ = {isa = PBXBuildFile; fileRef = 93DB4C5FB7A8F89B54ABB658 /* Pods_MetaMeraTests.framework */; };
		4B1461BD03EEF63DAF098061 /* Pods_MetaMera.framework in Frameworks */ = {isa = PBXBuildFile; fileRef = 63A907794C66F3A3F859250E /* Pods_MetaMera.framework */; };
		4C1AE4781286396440668182 /* Pods_MetaMera_MetaMeraUITests.framework in Frameworks */ = {isa = PBXBuildFile; fileRef = 054A1F7793BB79FF5158A8D7 /* Pods_MetaMera_MetaMeraUITests.framework */; };
		E0D9248D2914DC5700FE8A8D /* MapviewCollectionViewCell.swift in Sources */ = {isa = PBXBuildFile; fileRef = E0D9248B2914DC5700FE8A8D /* MapviewCollectionViewCell.swift */; };
		E0D9248E2914DC5700FE8A8D /* MapviewCollectionViewCell.xib in Resources */ = {isa = PBXBuildFile; fileRef = E0D9248C2914DC5700FE8A8D /* MapviewCollectionViewCell.xib */; };
		E0D92491291899B800FE8A8D /* ProfileCollectionViewCell.swift in Sources */ = {isa = PBXBuildFile; fileRef = E0D9248F291899B800FE8A8D /* ProfileCollectionViewCell.swift */; };
		E0D92492291899B800FE8A8D /* ProfileCollectionViewCell.xib in Resources */ = {isa = PBXBuildFile; fileRef = E0D92490291899B800FE8A8D /* ProfileCollectionViewCell.xib */; };
/* End PBXBuildFile section */

/* Begin PBXContainerItemProxy section */
		38A2123E282A064400B56E03 /* PBXContainerItemProxy */ = {
			isa = PBXContainerItemProxy;
			containerPortal = 38A21220282A064300B56E03 /* Project object */;
			proxyType = 1;
			remoteGlobalIDString = 38A21227282A064300B56E03;
			remoteInfo = MetaMera;
		};
		38A21248282A064400B56E03 /* PBXContainerItemProxy */ = {
			isa = PBXContainerItemProxy;
			containerPortal = 38A21220282A064300B56E03 /* Project object */;
			proxyType = 1;
			remoteGlobalIDString = 38A21227282A064300B56E03;
			remoteInfo = MetaMera;
		};
/* End PBXContainerItemProxy section */

/* Begin PBXFileReference section */
		054A1F7793BB79FF5158A8D7 /* Pods_MetaMera_MetaMeraUITests.framework */ = {isa = PBXFileReference; explicitFileType = wrapper.framework; includeInIndex = 0; path = Pods_MetaMera_MetaMeraUITests.framework; sourceTree = BUILT_PRODUCTS_DIR; };
		06B1CC122861664900116CF0 /* ChatRoomTableViewCell.swift */ = {isa = PBXFileReference; lastKnownFileType = sourcecode.swift; path = ChatRoomTableViewCell.swift; sourceTree = "<group>"; };
		06B1CC132861664900116CF0 /* ChatRoomTableViewCell.xib */ = {isa = PBXFileReference; lastKnownFileType = file.xib; path = ChatRoomTableViewCell.xib; sourceTree = "<group>"; };
		382713862831F95F004BEB01 /* SignInViewController.swift */ = {isa = PBXFileReference; lastKnownFileType = sourcecode.swift; path = SignInViewController.swift; sourceTree = "<group>"; };
		382713872831F95F004BEB01 /* SignInViewController.xib */ = {isa = PBXFileReference; lastKnownFileType = file.xib; path = SignInViewController.xib; sourceTree = "<group>"; };
		382713ED28328998004BEB01 /* TopViewController.storyboard */ = {isa = PBXFileReference; lastKnownFileType = file.storyboard; path = TopViewController.storyboard; sourceTree = "<group>"; };
		382713EF28332648004BEB01 /* AppDelegate.swift */ = {isa = PBXFileReference; fileEncoding = 4; lastKnownFileType = sourcecode.swift; path = AppDelegate.swift; sourceTree = "<group>"; };
		382713F12833423A004BEB01 /* ARViewController.storyboard */ = {isa = PBXFileReference; lastKnownFileType = file.storyboard; path = ARViewController.storyboard; sourceTree = "<group>"; };
		38271472283472C0004BEB01 /* ChatViewController.swift */ = {isa = PBXFileReference; lastKnownFileType = sourcecode.swift; path = ChatViewController.swift; sourceTree = "<group>"; };
		38271473283472C0004BEB01 /* ChatViewController.xib */ = {isa = PBXFileReference; lastKnownFileType = file.xib; path = ChatViewController.xib; sourceTree = "<group>"; };
		382F6AB1286D44730056BFA2 /* User.swift */ = {isa = PBXFileReference; lastKnownFileType = sourcecode.swift; path = User.swift; sourceTree = "<group>"; };
		383AC1D1288E398600B5BE12 /* PostImageTableViewCell.swift */ = {isa = PBXFileReference; lastKnownFileType = sourcecode.swift; path = PostImageTableViewCell.swift; sourceTree = "<group>"; };
		383AC1D3288E39E900B5BE12 /* PostImageTableViewCell.xib */ = {isa = PBXFileReference; lastKnownFileType = file.xib; path = PostImageTableViewCell.xib; sourceTree = "<group>"; };
		385B6E1C28DCB28F007DEDF1 /* DebugViewController.swift */ = {isa = PBXFileReference; lastKnownFileType = sourcecode.swift; path = DebugViewController.swift; sourceTree = "<group>"; };
		385B6E1E28DCB2A0007DEDF1 /* DebugViewController.storyboard */ = {isa = PBXFileReference; lastKnownFileType = file.storyboard; path = DebugViewController.storyboard; sourceTree = "<group>"; };
		385B6E2328DCB480007DEDF1 /* PostTableViewCell.swift */ = {isa = PBXFileReference; lastKnownFileType = sourcecode.swift; path = PostTableViewCell.swift; sourceTree = "<group>"; };
		385B6E2428DCB480007DEDF1 /* PostTableViewCell.xib */ = {isa = PBXFileReference; lastKnownFileType = file.xib; path = PostTableViewCell.xib; sourceTree = "<group>"; };
		3875B8F929078EBC0079304D /* MenuType.swift */ = {isa = PBXFileReference; lastKnownFileType = sourcecode.swift; path = MenuType.swift; sourceTree = "<group>"; };
		3875B8FB2907989E0079304D /* ja */ = {isa = PBXFileReference; lastKnownFileType = text.plist.strings; name = ja; path = ja.lproj/Main.strings; sourceTree = "<group>"; };
		3875B8FC2907989E0079304D /* ja */ = {isa = PBXFileReference; lastKnownFileType = text.plist.strings; name = ja; path = ja.lproj/LaunchScreen.strings; sourceTree = "<group>"; };
		3875B929290A1DC90079304D /* Base */ = {isa = PBXFileReference; lastKnownFileType = file.storyboard; name = Base; path = Base.lproj/ReportCommentViewController.storyboard; sourceTree = "<group>"; };
		3875B92C290A1DCD0079304D /* en */ = {isa = PBXFileReference; lastKnownFileType = text.plist.strings; name = en; path = en.lproj/ReportCommentViewController.strings; sourceTree = "<group>"; };
		3875B92E290A1DCF0079304D /* ja */ = {isa = PBXFileReference; lastKnownFileType = text.plist.strings; name = ja; path = ja.lproj/ReportCommentViewController.strings; sourceTree = "<group>"; };
		3875B939290A1F360079304D /* Base */ = {isa = PBXFileReference; lastKnownFileType = file.storyboard; name = Base; path = Base.lproj/ReportViewController.storyboard; sourceTree = "<group>"; };
		3875B93B290A1F400079304D /* ja */ = {isa = PBXFileReference; lastKnownFileType = text.plist.strings; name = ja; path = ja.lproj/ReportViewController.strings; sourceTree = "<group>"; };
		3875B93C290A1F4B0079304D /* en */ = {isa = PBXFileReference; lastKnownFileType = text.plist.strings; name = en; path = en.lproj/ReportViewController.strings; sourceTree = "<group>"; };
		3875B93D290A22480079304D /* LocalizeKey.swift */ = {isa = PBXFileReference; lastKnownFileType = sourcecode.swift; path = LocalizeKey.swift; sourceTree = "<group>"; };
		3875B944290A22B80079304D /* en */ = {isa = PBXFileReference; lastKnownFileType = text.plist.strings; name = en; path = en.lproj/Localizable.strings; sourceTree = "<group>"; };
		3875B94E290A232C0079304D /* ja */ = {isa = PBXFileReference; lastKnownFileType = text.plist.strings; name = ja; path = ja.lproj/Localizable.strings; sourceTree = "<group>"; };
		387EA2D228C76EBF00629B4B /* ArObject.swift */ = {isa = PBXFileReference; lastKnownFileType = sourcecode.swift; path = ArObject.swift; sourceTree = "<group>"; };
		387EA2D428C7723000629B4B /* LNTouchDelegate-Extension.swift */ = {isa = PBXFileReference; lastKnownFileType = sourcecode.swift; path = "LNTouchDelegate-Extension.swift"; sourceTree = "<group>"; };
		387EA2D628CF76F400629B4B /* UIImage-Extension.swift */ = {isa = PBXFileReference; lastKnownFileType = sourcecode.swift; path = "UIImage-Extension.swift"; sourceTree = "<group>"; };
		387EA2DB28CF78A900629B4B /* ChangeProfileViewController.swift */ = {isa = PBXFileReference; lastKnownFileType = sourcecode.swift; path = ChangeProfileViewController.swift; sourceTree = "<group>"; };
		387EA2DD28CF78B400629B4B /* ChangeProfileViewController.storyboard */ = {isa = PBXFileReference; lastKnownFileType = file.storyboard; path = ChangeProfileViewController.storyboard; sourceTree = "<group>"; };
		388EA9A9289E9AF800A79746 /* ImageCollectionViewCell.swift */ = {isa = PBXFileReference; lastKnownFileType = sourcecode.swift; path = ImageCollectionViewCell.swift; sourceTree = "<group>"; };
		388EA9AA289E9AF800A79746 /* ImageCollectionViewCell.xib */ = {isa = PBXFileReference; lastKnownFileType = file.xib; path = ImageCollectionViewCell.xib; sourceTree = "<group>"; };
		388EA9AD28A555E800A79746 /* Notifications.swift */ = {isa = PBXFileReference; lastKnownFileType = sourcecode.swift; path = Notifications.swift; sourceTree = "<group>"; };
		388ECDBD290619EE009C9DE1 /* Report.swift */ = {isa = PBXFileReference; lastKnownFileType = sourcecode.swift; path = Report.swift; sourceTree = "<group>"; };
		388ECDC129061A18009C9DE1 /* ReportModel.swift */ = {isa = PBXFileReference; lastKnownFileType = sourcecode.swift; path = ReportModel.swift; sourceTree = "<group>"; };
		388ECDC529061D90009C9DE1 /* ReportItem.swift */ = {isa = PBXFileReference; lastKnownFileType = sourcecode.swift; path = ReportItem.swift; sourceTree = "<group>"; };
		388ECDCB29063709009C9DE1 /* ReportViewController.swift */ = {isa = PBXFileReference; lastKnownFileType = sourcecode.swift; path = ReportViewController.swift; sourceTree = "<group>"; };
		388ECDD42907705F009C9DE1 /* ReportCommentViewController.swift */ = {isa = PBXFileReference; lastKnownFileType = sourcecode.swift; path = ReportCommentViewController.swift; sourceTree = "<group>"; };
		389024C52835DAD4004DC3F3 /* UIColor-Extension.swift */ = {isa = PBXFileReference; lastKnownFileType = sourcecode.swift; path = "UIColor-Extension.swift"; sourceTree = "<group>"; };
		38968053283F03B1008E1302 /* StartUpStoryboard.storyboard */ = {isa = PBXFileReference; lastKnownFileType = file.storyboard; path = StartUpStoryboard.storyboard; sourceTree = "<group>"; };
		38968055283F04CE008E1302 /* StartUpViewController.swift */ = {isa = PBXFileReference; lastKnownFileType = sourcecode.swift; path = StartUpViewController.swift; sourceTree = "<group>"; };
		3896805A28445926008E1302 /* ArObjectOld.swift */ = {isa = PBXFileReference; lastKnownFileType = sourcecode.swift; path = ArObjectOld.swift; sourceTree = "<group>"; };
		3896805D284A4CAE008E1302 /* Goto.swift */ = {isa = PBXFileReference; lastKnownFileType = sourcecode.swift; path = Goto.swift; sourceTree = "<group>"; };
		38968066284C76C8008E1302 /* ProfileViewController.swift */ = {isa = PBXFileReference; lastKnownFileType = sourcecode.swift; path = ProfileViewController.swift; sourceTree = "<group>"; };
		3896806A284C7755008E1302 /* ProfileViewController.storyboard */ = {isa = PBXFileReference; lastKnownFileType = file.storyboard; path = ProfileViewController.storyboard; sourceTree = "<group>"; };
		38A05CEA289547D000F0CC40 /* SignUpModel.swift */ = {isa = PBXFileReference; lastKnownFileType = sourcecode.swift; path = SignUpModel.swift; sourceTree = "<group>"; };
		38A21228282A064300B56E03 /* MetaMera.app */ = {isa = PBXFileReference; explicitFileType = wrapper.application; includeInIndex = 0; path = MetaMera.app; sourceTree = BUILT_PRODUCTS_DIR; };
		38A2122B282A064300B56E03 /* TopViewController.swift */ = {isa = PBXFileReference; lastKnownFileType = sourcecode.swift; path = TopViewController.swift; sourceTree = "<group>"; };
		38A2122D282A064300B56E03 /* ViewController.swift */ = {isa = PBXFileReference; lastKnownFileType = sourcecode.swift; path = ViewController.swift; sourceTree = "<group>"; };
		38A2122F282A064300B56E03 /* Experience.rcproject */ = {isa = PBXFileReference; lastKnownFileType = file.rcproject; path = Experience.rcproject; sourceTree = "<group>"; };
		38A21232282A064300B56E03 /* Base */ = {isa = PBXFileReference; lastKnownFileType = file.storyboard; name = Base; path = Base.lproj/Main.storyboard; sourceTree = "<group>"; };
		38A21234282A064400B56E03 /* Assets.xcassets */ = {isa = PBXFileReference; lastKnownFileType = folder.assetcatalog; path = Assets.xcassets; sourceTree = "<group>"; };
		38A21237282A064400B56E03 /* Base */ = {isa = PBXFileReference; lastKnownFileType = file.storyboard; name = Base; path = Base.lproj/LaunchScreen.storyboard; sourceTree = "<group>"; };
		38A2123D282A064400B56E03 /* MetaMeraTests.xctest */ = {isa = PBXFileReference; explicitFileType = wrapper.cfbundle; includeInIndex = 0; path = MetaMeraTests.xctest; sourceTree = BUILT_PRODUCTS_DIR; };
		38A21241282A064400B56E03 /* MetaMeraTests.swift */ = {isa = PBXFileReference; lastKnownFileType = sourcecode.swift; path = MetaMeraTests.swift; sourceTree = "<group>"; };
		38A21247282A064400B56E03 /* MetaMeraUITests.xctest */ = {isa = PBXFileReference; explicitFileType = wrapper.cfbundle; includeInIndex = 0; path = MetaMeraUITests.xctest; sourceTree = BUILT_PRODUCTS_DIR; };
		38A2124B282A064400B56E03 /* MetaMeraUITests.swift */ = {isa = PBXFileReference; lastKnownFileType = sourcecode.swift; path = MetaMeraUITests.swift; sourceTree = "<group>"; };
		38A2124D282A064400B56E03 /* MetaMeraUITestsLaunchTests.swift */ = {isa = PBXFileReference; lastKnownFileType = sourcecode.swift; path = MetaMeraUITestsLaunchTests.swift; sourceTree = "<group>"; };
		38A21264282A09C200B56E03 /* SignUpViewController.swift */ = {isa = PBXFileReference; lastKnownFileType = sourcecode.swift; path = SignUpViewController.swift; sourceTree = "<group>"; };
		38A21265282A09C200B56E03 /* SignUpViewController.xib */ = {isa = PBXFileReference; lastKnownFileType = file.xib; path = SignUpViewController.xib; sourceTree = "<group>"; };
		38A21268282A0E3E00B56E03 /* Info.plist */ = {isa = PBXFileReference; lastKnownFileType = text.plist; path = Info.plist; sourceTree = "<group>"; };
		38A21279282CE0DB00B56E03 /* ARViewController.swift */ = {isa = PBXFileReference; lastKnownFileType = sourcecode.swift; path = ARViewController.swift; sourceTree = "<group>"; };
		38A21281282CE15800B56E03 /* utakata-Regular.otf */ = {isa = PBXFileReference; lastKnownFileType = file; path = "utakata-Regular.otf"; sourceTree = "<group>"; };
		38A21285282CE3AF00B56E03 /* bokutachi.otf */ = {isa = PBXFileReference; lastKnownFileType = file; path = bokutachi.otf; sourceTree = "<group>"; };
		38A21289282CEB8200B56E03 /* GoogleService-Info.plist */ = {isa = PBXFileReference; fileEncoding = 4; lastKnownFileType = text.plist.xml; path = "GoogleService-Info.plist"; sourceTree = "<group>"; };
		38A212C42831DB1500B56E03 /* MetaMera.entitlements */ = {isa = PBXFileReference; lastKnownFileType = text.plist.entitlements; path = MetaMera.entitlements; sourceTree = "<group>"; };
		38A8B93028DDF30A000E86FD /* URL-Extension.swift */ = {isa = PBXFileReference; lastKnownFileType = sourcecode.swift; path = "URL-Extension.swift"; sourceTree = "<group>"; };
		38A8B93228DDFB05000E86FD /* RemoteConfigClient.swift */ = {isa = PBXFileReference; lastKnownFileType = sourcecode.swift; path = RemoteConfigClient.swift; sourceTree = "<group>"; };
		38A8B93428DDFB3E000E86FD /* RemoteConfigClientProtocol.swift */ = {isa = PBXFileReference; lastKnownFileType = sourcecode.swift; path = RemoteConfigClientProtocol.swift; sourceTree = "<group>"; };
		38A8B93728DDFDFB000E86FD /* ServerMaintenanceConfig.swift */ = {isa = PBXFileReference; lastKnownFileType = sourcecode.swift; path = ServerMaintenanceConfig.swift; sourceTree = "<group>"; };
		38A8B93B28E49463000E86FD /* PostUploadModel.swift */ = {isa = PBXFileReference; lastKnownFileType = sourcecode.swift; path = PostUploadModel.swift; sourceTree = "<group>"; };
		38A8B93D28E494CD000E86FD /* PostItem.swift */ = {isa = PBXFileReference; lastKnownFileType = sourcecode.swift; path = PostItem.swift; sourceTree = "<group>"; };
		38A8B94028E6D279000E86FD /* PlaceTextView.swift */ = {isa = PBXFileReference; lastKnownFileType = sourcecode.swift; path = PlaceTextView.swift; sourceTree = "<group>"; };
		38A8B94128E6D279000E86FD /* PlaceTextView.xib */ = {isa = PBXFileReference; lastKnownFileType = file.xib; path = PlaceTextView.xib; sourceTree = "<group>"; };
		38A8B94928E92CE4000E86FD /* Accessory.swift */ = {isa = PBXFileReference; lastKnownFileType = sourcecode.swift; path = Accessory.swift; sourceTree = "<group>"; };
		38AB508A285AD3A700AF4F80 /* ChatRoomController.swift */ = {isa = PBXFileReference; lastKnownFileType = sourcecode.swift; path = ChatRoomController.swift; sourceTree = "<group>"; };
		38AB508D285AD3B800AF4F80 /* ChatRoomController.storyboard */ = {isa = PBXFileReference; lastKnownFileType = file.storyboard; path = ChatRoomController.storyboard; sourceTree = "<group>"; };
		38AD14C1289249EF001D1769 /* SignInModel.swift */ = {isa = PBXFileReference; lastKnownFileType = sourcecode.swift; path = SignInModel.swift; sourceTree = "<group>"; };
		38AD14C4289266BE001D1769 /* SignItem.swift */ = {isa = PBXFileReference; lastKnownFileType = sourcecode.swift; path = SignItem.swift; sourceTree = "<group>"; };
		38AD941829149D44004F0C9F /* LikeUsers.swift */ = {isa = PBXFileReference; lastKnownFileType = sourcecode.swift; path = LikeUsers.swift; sourceTree = "<group>"; };
		38D2443628F903A80013D13C /* LocationManager.swift */ = {isa = PBXFileReference; lastKnownFileType = sourcecode.swift; path = LocationManager.swift; sourceTree = "<group>"; };
		38D2443E28F924C60013D13C /* AreaId.swift */ = {isa = PBXFileReference; lastKnownFileType = sourcecode.swift; path = AreaId.swift; sourceTree = "<group>"; };
		38DA36BA28D16228004006B6 /* UserProfileProtocol.swift */ = {isa = PBXFileReference; lastKnownFileType = sourcecode.swift; path = UserProfileProtocol.swift; sourceTree = "<group>"; };
		38E9AE292865641300EB71D6 /* Profile.swift */ = {isa = PBXFileReference; fileEncoding = 4; lastKnownFileType = sourcecode.swift; path = Profile.swift; sourceTree = "<group>"; };
		38FAA641287860BD000521DD /* UIImageView-Extension.swift */ = {isa = PBXFileReference; lastKnownFileType = sourcecode.swift; path = "UIImageView-Extension.swift"; sourceTree = "<group>"; };
		38FAA643287D20C5000521DD /* UITraitCollection-Extension.swift */ = {isa = PBXFileReference; lastKnownFileType = sourcecode.swift; path = "UITraitCollection-Extension.swift"; sourceTree = "<group>"; };
		38FAA645287FAFA6000521DD /* ChatRoom.swift */ = {isa = PBXFileReference; lastKnownFileType = sourcecode.swift; path = ChatRoom.swift; sourceTree = "<group>"; };
		38FAA647287FAFE4000521DD /* Comment.swift */ = {isa = PBXFileReference; lastKnownFileType = sourcecode.swift; path = Comment.swift; sourceTree = "<group>"; };
		38FAA64928801229000521DD /* Post.swift */ = {isa = PBXFileReference; lastKnownFileType = sourcecode.swift; path = Post.swift; sourceTree = "<group>"; };
		38FAA64C28815736000521DD /* CreateNewPostViewController.swift */ = {isa = PBXFileReference; lastKnownFileType = sourcecode.swift; path = CreateNewPostViewController.swift; sourceTree = "<group>"; };
		38FAA64E28815740000521DD /* CreateNewPostViewController.storyboard */ = {isa = PBXFileReference; lastKnownFileType = file.storyboard; path = CreateNewPostViewController.storyboard; sourceTree = "<group>"; };
		44A6594E1AD10EE93D7CD030 /* Pods-MetaMera-MetaMeraUITests.debug.xcconfig */ = {isa = PBXFileReference; includeInIndex = 1; lastKnownFileType = text.xcconfig; name = "Pods-MetaMera-MetaMeraUITests.debug.xcconfig"; path = "Target Support Files/Pods-MetaMera-MetaMeraUITests/Pods-MetaMera-MetaMeraUITests.debug.xcconfig"; sourceTree = "<group>"; };
		63A907794C66F3A3F859250E /* Pods_MetaMera.framework */ = {isa = PBXFileReference; explicitFileType = wrapper.framework; includeInIndex = 0; path = Pods_MetaMera.framework; sourceTree = BUILT_PRODUCTS_DIR; };
		7556378416DB6697151D6632 /* Pods-MetaMeraTests.debug.xcconfig */ = {isa = PBXFileReference; includeInIndex = 1; lastKnownFileType = text.xcconfig; name = "Pods-MetaMeraTests.debug.xcconfig"; path = "Target Support Files/Pods-MetaMeraTests/Pods-MetaMeraTests.debug.xcconfig"; sourceTree = "<group>"; };
		8495CA02EFC8F265A2E408B7 /* Pods-MetaMeraTests.release.xcconfig */ = {isa = PBXFileReference; includeInIndex = 1; lastKnownFileType = text.xcconfig; name = "Pods-MetaMeraTests.release.xcconfig"; path = "Target Support Files/Pods-MetaMeraTests/Pods-MetaMeraTests.release.xcconfig"; sourceTree = "<group>"; };
		91F618A3C80A83AD1DBFA6B6 /* Pods-MetaMera.release.xcconfig */ = {isa = PBXFileReference; includeInIndex = 1; lastKnownFileType = text.xcconfig; name = "Pods-MetaMera.release.xcconfig"; path = "Target Support Files/Pods-MetaMera/Pods-MetaMera.release.xcconfig"; sourceTree = "<group>"; };
		93DB4C5FB7A8F89B54ABB658 /* Pods_MetaMeraTests.framework */ = {isa = PBXFileReference; explicitFileType = wrapper.framework; includeInIndex = 0; path = Pods_MetaMeraTests.framework; sourceTree = BUILT_PRODUCTS_DIR; };
		94B239514413AEC60D790459 /* Pods-MetaMera.debug.xcconfig */ = {isa = PBXFileReference; includeInIndex = 1; lastKnownFileType = text.xcconfig; name = "Pods-MetaMera.debug.xcconfig"; path = "Target Support Files/Pods-MetaMera/Pods-MetaMera.debug.xcconfig"; sourceTree = "<group>"; };
		B611C4DB6464C6529796A224 /* Pods-MetaMera-MetaMeraUITests.release.xcconfig */ = {isa = PBXFileReference; includeInIndex = 1; lastKnownFileType = text.xcconfig; name = "Pods-MetaMera-MetaMeraUITests.release.xcconfig"; path = "Target Support Files/Pods-MetaMera-MetaMeraUITests/Pods-MetaMera-MetaMeraUITests.release.xcconfig"; sourceTree = "<group>"; };
		E0D9248B2914DC5700FE8A8D /* MapviewCollectionViewCell.swift */ = {isa = PBXFileReference; lastKnownFileType = sourcecode.swift; path = MapviewCollectionViewCell.swift; sourceTree = "<group>"; };
		E0D9248C2914DC5700FE8A8D /* MapviewCollectionViewCell.xib */ = {isa = PBXFileReference; lastKnownFileType = file.xib; path = MapviewCollectionViewCell.xib; sourceTree = "<group>"; };
		E0D9248F291899B800FE8A8D /* ProfileCollectionViewCell.swift */ = {isa = PBXFileReference; lastKnownFileType = sourcecode.swift; path = ProfileCollectionViewCell.swift; sourceTree = "<group>"; };
		E0D92490291899B800FE8A8D /* ProfileCollectionViewCell.xib */ = {isa = PBXFileReference; lastKnownFileType = file.xib; path = ProfileCollectionViewCell.xib; sourceTree = "<group>"; };
/* End PBXFileReference section */

/* Begin PBXFrameworksBuildPhase section */
		38A21225282A064300B56E03 /* Frameworks */ = {
			isa = PBXFrameworksBuildPhase;
			buildActionMask = 2147483647;
			files = (
				4B1461BD03EEF63DAF098061 /* Pods_MetaMera.framework in Frameworks */,
			);
			runOnlyForDeploymentPostprocessing = 0;
		};
		38A2123A282A064400B56E03 /* Frameworks */ = {
			isa = PBXFrameworksBuildPhase;
			buildActionMask = 2147483647;
			files = (
				4855586E8B131614D9B1EC7D /* Pods_MetaMeraTests.framework in Frameworks */,
			);
			runOnlyForDeploymentPostprocessing = 0;
		};
		38A21244282A064400B56E03 /* Frameworks */ = {
			isa = PBXFrameworksBuildPhase;
			buildActionMask = 2147483647;
			files = (
				4C1AE4781286396440668182 /* Pods_MetaMera_MetaMeraUITests.framework in Frameworks */,
			);
			runOnlyForDeploymentPostprocessing = 0;
		};
/* End PBXFrameworksBuildPhase section */

/* Begin PBXGroup section */
		382713842831F2E2004BEB01 /* Frameworks */ = {
			isa = PBXGroup;
			children = (
				63A907794C66F3A3F859250E /* Pods_MetaMera.framework */,
				054A1F7793BB79FF5158A8D7 /* Pods_MetaMera_MetaMeraUITests.framework */,
				93DB4C5FB7A8F89B54ABB658 /* Pods_MetaMeraTests.framework */,
			);
			name = Frameworks;
			sourceTree = "<group>";
		};
		382713852831F93D004BEB01 /* SignIn */ = {
			isa = PBXGroup;
			children = (
				382713862831F95F004BEB01 /* SignInViewController.swift */,
				382713872831F95F004BEB01 /* SignInViewController.xib */,
			);
			path = SignIn;
			sourceTree = "<group>";
		};
		38271471283472A6004BEB01 /* ChatAccessory */ = {
			isa = PBXGroup;
			children = (
				38271472283472C0004BEB01 /* ChatViewController.swift */,
				38271473283472C0004BEB01 /* ChatViewController.xib */,
			);
			path = ChatAccessory;
			sourceTree = "<group>";
		};
		382F6AB0286582BE0056BFA2 /* Extension */ = {
			isa = PBXGroup;
			children = (
				389024C52835DAD4004DC3F3 /* UIColor-Extension.swift */,
				38FAA641287860BD000521DD /* UIImageView-Extension.swift */,
				38FAA643287D20C5000521DD /* UITraitCollection-Extension.swift */,
				387EA2D428C7723000629B4B /* LNTouchDelegate-Extension.swift */,
				387EA2D628CF76F400629B4B /* UIImage-Extension.swift */,
				38A8B93028DDF30A000E86FD /* URL-Extension.swift */,
			);
			path = Extension;
			sourceTree = "<group>";
		};
		383AC1D0288E396D00B5BE12 /* Image */ = {
			isa = PBXGroup;
			children = (
				383AC1D1288E398600B5BE12 /* PostImageTableViewCell.swift */,
				383AC1D3288E39E900B5BE12 /* PostImageTableViewCell.xib */,
			);
			path = Image;
			sourceTree = "<group>";
		};
		385B6E1B28DCB277007DEDF1 /* Debug */ = {
			isa = PBXGroup;
			children = (
				385B6E2028DCB42C007DEDF1 /* PostTableViewCell */,
				385B6E1C28DCB28F007DEDF1 /* DebugViewController.swift */,
				385B6E1E28DCB2A0007DEDF1 /* DebugViewController.storyboard */,
			);
			path = Debug;
			sourceTree = "<group>";
		};
		385B6E2028DCB42C007DEDF1 /* PostTableViewCell */ = {
			isa = PBXGroup;
			children = (
				385B6E2328DCB480007DEDF1 /* PostTableViewCell.swift */,
				385B6E2428DCB480007DEDF1 /* PostTableViewCell.xib */,
			);
			path = PostTableViewCell;
			sourceTree = "<group>";
		};
		3875B92F290A1DF00079304D /* Localizable */ = {
			isa = PBXGroup;
			children = (
				3875B945290A22B80079304D /* Localizable.strings */,
				3875B94F290A232C0079304D /* Localizable.strings */,
			);
			path = Localizable;
			sourceTree = "<group>";
		};
		387EA2D828CF786900629B4B /* ChangeProfile */ = {
			isa = PBXGroup;
			children = (
				387EA2DB28CF78A900629B4B /* ChangeProfileViewController.swift */,
				387EA2DD28CF78B400629B4B /* ChangeProfileViewController.storyboard */,
			);
			path = ChangeProfile;
			sourceTree = "<group>";
		};
		388EA9A6289E9AA400A79746 /* Image */ = {
			isa = PBXGroup;
			children = (
				388EA9A9289E9AF800A79746 /* ImageCollectionViewCell.swift */,
				388EA9AA289E9AF800A79746 /* ImageCollectionViewCell.xib */,
			);
			path = Image;
			sourceTree = "<group>";
		};
		388ECDC9290636A0009C9DE1 /* Report */ = {
			isa = PBXGroup;
			children = (
				388ECDD32907703C009C9DE1 /* ReportComment */,
				388ECDCB29063709009C9DE1 /* ReportViewController.swift */,
				3875B938290A1F310079304D /* ReportViewController.storyboard */,
			);
			path = Report;
			sourceTree = "<group>";
		};
		388ECDD32907703C009C9DE1 /* ReportComment */ = {
			isa = PBXGroup;
			children = (
				388ECDD42907705F009C9DE1 /* ReportCommentViewController.swift */,
				3875B92A290A1DC90079304D /* ReportCommentViewController.storyboard */,
			);
			path = ReportComment;
			sourceTree = "<group>";
		};
		38968052283F0398008E1302 /* StartUp */ = {
			isa = PBXGroup;
			children = (
				38968055283F04CE008E1302 /* StartUpViewController.swift */,
				38968053283F03B1008E1302 /* StartUpStoryboard.storyboard */,
			);
			path = StartUp;
			sourceTree = "<group>";
		};
		389680592844585D008E1302 /* AR */ = {
			isa = PBXGroup;
			children = (
				3896805A28445926008E1302 /* ArObjectOld.swift */,
			);
			path = AR;
			sourceTree = "<group>";
		};
		3896805C284A4C90008E1302 /* Controller */ = {
			isa = PBXGroup;
			children = (
				3896805D284A4CAE008E1302 /* Goto.swift */,
			);
			path = Controller;
			sourceTree = "<group>";
		};
		38968063284C7519008E1302 /* Profile */ = {
			isa = PBXGroup;
			children = (
				E0D9248A2914DBF500FE8A8D /* Mapviewcell */,
				387EA2D828CF786900629B4B /* ChangeProfile */,
				38968066284C76C8008E1302 /* ProfileViewController.swift */,
				3896806A284C7755008E1302 /* ProfileViewController.storyboard */,
				E0D92493291899BB00FE8A8D /* Cells */,
			);
			path = Profile;
			sourceTree = "<group>";
		};
		38A2121F282A064300B56E03 = {
			isa = PBXGroup;
			children = (
				38A2122A282A064300B56E03 /* MetaMera */,
				38A21240282A064400B56E03 /* MetaMeraTests */,
				38A2124A282A064400B56E03 /* MetaMeraUITests */,
				38A21229282A064300B56E03 /* Products */,
				382713842831F2E2004BEB01 /* Frameworks */,
				A269E6B3EC31B8B88C1E6C44 /* Pods */,
			);
			sourceTree = "<group>";
		};
		38A21229282A064300B56E03 /* Products */ = {
			isa = PBXGroup;
			children = (
				38A21228282A064300B56E03 /* MetaMera.app */,
				38A2123D282A064400B56E03 /* MetaMeraTests.xctest */,
				38A21247282A064400B56E03 /* MetaMeraUITests.xctest */,
			);
			name = Products;
			sourceTree = "<group>";
		};
		38A2122A282A064300B56E03 /* MetaMera */ = {
			isa = PBXGroup;
			children = (
				3875B92F290A1DF00079304D /* Localizable */,
				38A212C42831DB1500B56E03 /* MetaMera.entitlements */,
				38A21289282CEB8200B56E03 /* GoogleService-Info.plist */,
				38A21274282CDFB900B56E03 /* Font */,
				38A21268282A0E3E00B56E03 /* Info.plist */,
				382713EF28332648004BEB01 /* AppDelegate.swift */,
				38A8B93228DDFB05000E86FD /* RemoteConfigClient.swift */,
				38DA36B928D1618A004006B6 /* Protocol */,
				382F6AB0286582BE0056BFA2 /* Extension */,
				3896805C284A4C90008E1302 /* Controller */,
				389680592844585D008E1302 /* AR */,
				38AD14C3289266A3001D1769 /* Entity */,
				38E9AE282865641300EB71D6 /* Models */,
				38A2125A282A066000B56E03 /* Views */,
				38A2122F282A064300B56E03 /* Experience.rcproject */,
				38A21234282A064400B56E03 /* Assets.xcassets */,
				38A21236282A064400B56E03 /* LaunchScreen.storyboard */,
			);
			path = MetaMera;
			sourceTree = "<group>";
		};
		38A21240282A064400B56E03 /* MetaMeraTests */ = {
			isa = PBXGroup;
			children = (
				38A21241282A064400B56E03 /* MetaMeraTests.swift */,
			);
			path = MetaMeraTests;
			sourceTree = "<group>";
		};
		38A2124A282A064400B56E03 /* MetaMeraUITests */ = {
			isa = PBXGroup;
			children = (
				38A2124B282A064400B56E03 /* MetaMeraUITests.swift */,
				38A2124D282A064400B56E03 /* MetaMeraUITestsLaunchTests.swift */,
			);
			path = MetaMeraUITests;
			sourceTree = "<group>";
		};
		38A2125A282A066000B56E03 /* Views */ = {
			isa = PBXGroup;
			children = (
				388ECDC9290636A0009C9DE1 /* Report */,
				385B6E1B28DCB277007DEDF1 /* Debug */,
				38FAA64B2881571E000521DD /* CreateNewPost */,
				38AB5089285ACEF400AF4F80 /* ChatRoom */,
				38968063284C7519008E1302 /* Profile */,
				382713852831F93D004BEB01 /* SignIn */,
				38A2125E282A067C00B56E03 /* SignUp */,
				38A2125D282A067400B56E03 /* AR */,
				38A2125C282A066F00B56E03 /* Main */,
				38A2125B282A066800B56E03 /* Top */,
				38968052283F0398008E1302 /* StartUp */,
			);
			path = Views;
			sourceTree = "<group>";
		};
		38A2125B282A066800B56E03 /* Top */ = {
			isa = PBXGroup;
			children = (
				38A2122B282A064300B56E03 /* TopViewController.swift */,
				382713ED28328998004BEB01 /* TopViewController.storyboard */,
			);
			path = Top;
			sourceTree = "<group>";
		};
		38A2125C282A066F00B56E03 /* Main */ = {
			isa = PBXGroup;
			children = (
				38A2122D282A064300B56E03 /* ViewController.swift */,
				38A21231282A064300B56E03 /* Main.storyboard */,
			);
			path = Main;
			sourceTree = "<group>";
		};
		38A2125D282A067400B56E03 /* AR */ = {
			isa = PBXGroup;
			children = (
				38A21279282CE0DB00B56E03 /* ARViewController.swift */,
				382713F12833423A004BEB01 /* ARViewController.storyboard */,
			);
			path = AR;
			sourceTree = "<group>";
		};
		38A2125E282A067C00B56E03 /* SignUp */ = {
			isa = PBXGroup;
			children = (
				38A21264282A09C200B56E03 /* SignUpViewController.swift */,
				38A21265282A09C200B56E03 /* SignUpViewController.xib */,
			);
			path = SignUp;
			sourceTree = "<group>";
		};
		38A21274282CDFB900B56E03 /* Font */ = {
			isa = PBXGroup;
			children = (
				38A21285282CE3AF00B56E03 /* bokutachi.otf */,
				38A21281282CE15800B56E03 /* utakata-Regular.otf */,
			);
			path = Font;
			sourceTree = "<group>";
		};
		38A8B93F28E6D243000E86FD /* PlaceTextView */ = {
			isa = PBXGroup;
			children = (
				38A8B94028E6D279000E86FD /* PlaceTextView.swift */,
				38A8B94128E6D279000E86FD /* PlaceTextView.xib */,
			);
			path = PlaceTextView;
			sourceTree = "<group>";
		};
		38A8B94828E92CD8000E86FD /* Accessory */ = {
			isa = PBXGroup;
			children = (
				38A8B94928E92CE4000E86FD /* Accessory.swift */,
			);
			path = Accessory;
			sourceTree = "<group>";
		};
		38AB5089285ACEF400AF4F80 /* ChatRoom */ = {
			isa = PBXGroup;
			children = (
				38271471283472A6004BEB01 /* ChatAccessory */,
				38AB508F285C442F00AF4F80 /* Chat */,
				383AC1D0288E396D00B5BE12 /* Image */,
				38AB508A285AD3A700AF4F80 /* ChatRoomController.swift */,
				38AB508D285AD3B800AF4F80 /* ChatRoomController.storyboard */,
			);
			path = ChatRoom;
			sourceTree = "<group>";
		};
		38AB508F285C442F00AF4F80 /* Chat */ = {
			isa = PBXGroup;
			children = (
				06B1CC122861664900116CF0 /* ChatRoomTableViewCell.swift */,
				06B1CC132861664900116CF0 /* ChatRoomTableViewCell.xib */,
			);
			path = Chat;
			sourceTree = "<group>";
		};
		38AD14C3289266A3001D1769 /* Entity */ = {
			isa = PBXGroup;
			children = (
				38A8B93728DDFDFB000E86FD /* ServerMaintenanceConfig.swift */,
				38AD14C4289266BE001D1769 /* SignItem.swift */,
				38A8B93D28E494CD000E86FD /* PostItem.swift */,
				388ECDC529061D90009C9DE1 /* ReportItem.swift */,
				3875B93D290A22480079304D /* LocalizeKey.swift */,
			);
			path = Entity;
			sourceTree = "<group>";
		};
		38DA36B928D1618A004006B6 /* Protocol */ = {
			isa = PBXGroup;
			children = (
				38DA36BA28D16228004006B6 /* UserProfileProtocol.swift */,
				38A8B93428DDFB3E000E86FD /* RemoteConfigClientProtocol.swift */,
				38D2443628F903A80013D13C /* LocationManager.swift */,
			);
			path = Protocol;
			sourceTree = "<group>";
		};
		38E9AE282865641300EB71D6 /* Models */ = {
			isa = PBXGroup;
			children = (
				38AD14C1289249EF001D1769 /* SignInModel.swift */,
				38A05CEA289547D000F0CC40 /* SignUpModel.swift */,
				38A8B93B28E49463000E86FD /* PostUploadModel.swift */,
				388ECDC129061A18009C9DE1 /* ReportModel.swift */,
				38A8B94828E92CD8000E86FD /* Accessory */,
				38A8B93F28E6D243000E86FD /* PlaceTextView */,
				38E9AE292865641300EB71D6 /* Profile.swift */,
				382F6AB1286D44730056BFA2 /* User.swift */,
				38AD941829149D44004F0C9F /* LikeUsers.swift */,
				38FAA645287FAFA6000521DD /* ChatRoom.swift */,
				38FAA647287FAFE4000521DD /* Comment.swift */,
				38D2443E28F924C60013D13C /* AreaId.swift */,
				38FAA64928801229000521DD /* Post.swift */,
				388ECDBD290619EE009C9DE1 /* Report.swift */,
				388EA9AD28A555E800A79746 /* Notifications.swift */,
				387EA2D228C76EBF00629B4B /* ArObject.swift */,
				3875B8F929078EBC0079304D /* MenuType.swift */,
			);
			path = Models;
			sourceTree = "<group>";
		};
		38FAA64B2881571E000521DD /* CreateNewPost */ = {
			isa = PBXGroup;
			children = (
				388EA9A6289E9AA400A79746 /* Image */,
				38FAA64C28815736000521DD /* CreateNewPostViewController.swift */,
				38FAA64E28815740000521DD /* CreateNewPostViewController.storyboard */,
			);
			path = CreateNewPost;
			sourceTree = "<group>";
		};
		A269E6B3EC31B8B88C1E6C44 /* Pods */ = {
			isa = PBXGroup;
			children = (
				94B239514413AEC60D790459 /* Pods-MetaMera.debug.xcconfig */,
				91F618A3C80A83AD1DBFA6B6 /* Pods-MetaMera.release.xcconfig */,
				44A6594E1AD10EE93D7CD030 /* Pods-MetaMera-MetaMeraUITests.debug.xcconfig */,
				B611C4DB6464C6529796A224 /* Pods-MetaMera-MetaMeraUITests.release.xcconfig */,
				7556378416DB6697151D6632 /* Pods-MetaMeraTests.debug.xcconfig */,
				8495CA02EFC8F265A2E408B7 /* Pods-MetaMeraTests.release.xcconfig */,
			);
			path = Pods;
			sourceTree = "<group>";
		};
		E0D9248A2914DBF500FE8A8D /* Mapviewcell */ = {
			isa = PBXGroup;
			children = (
				E0D9248B2914DC5700FE8A8D /* MapviewCollectionViewCell.swift */,
				E0D9248C2914DC5700FE8A8D /* MapviewCollectionViewCell.xib */,
			);
			path = Mapviewcell;
			sourceTree = "<group>";
		};
		E0D92493291899BB00FE8A8D /* Cells */ = {
			isa = PBXGroup;
			children = (
				E0D92494291899C200FE8A8D /* ProfileCell */,
			);
			path = Cells;
			sourceTree = "<group>";
		};
		E0D92494291899C200FE8A8D /* ProfileCell */ = {
			isa = PBXGroup;
			children = (
				E0D9248F291899B800FE8A8D /* ProfileCollectionViewCell.swift */,
				E0D92490291899B800FE8A8D /* ProfileCollectionViewCell.xib */,
			);
			path = ProfileCell;
			sourceTree = "<group>";
		};
/* End PBXGroup section */

/* Begin PBXNativeTarget section */
		38A21227282A064300B56E03 /* MetaMera */ = {
			isa = PBXNativeTarget;
			buildConfigurationList = 38A21251282A064400B56E03 /* Build configuration list for PBXNativeTarget "MetaMera" */;
			buildPhases = (
				5C0D8955170F5435F14DFEA7 /* [CP] Check Pods Manifest.lock */,
				38A21224282A064300B56E03 /* Sources */,
				38A21225282A064300B56E03 /* Frameworks */,
				38A21226282A064300B56E03 /* Resources */,
				15EE51E82EF6C0D4C3F5CFC9 /* [CP] Embed Pods Frameworks */,
			);
			buildRules = (
			);
			dependencies = (
			);
			name = MetaMera;
			packageProductDependencies = (
			);
			productName = MetaMera;
			productReference = 38A21228282A064300B56E03 /* MetaMera.app */;
			productType = "com.apple.product-type.application";
		};
		38A2123C282A064400B56E03 /* MetaMeraTests */ = {
			isa = PBXNativeTarget;
			buildConfigurationList = 38A21254282A064400B56E03 /* Build configuration list for PBXNativeTarget "MetaMeraTests" */;
			buildPhases = (
				AB4079D44A954C3B71509882 /* [CP] Check Pods Manifest.lock */,
				38A21239282A064400B56E03 /* Sources */,
				38A2123A282A064400B56E03 /* Frameworks */,
				38A2123B282A064400B56E03 /* Resources */,
			);
			buildRules = (
			);
			dependencies = (
				38A2123F282A064400B56E03 /* PBXTargetDependency */,
			);
			name = MetaMeraTests;
			productName = MetaMeraTests;
			productReference = 38A2123D282A064400B56E03 /* MetaMeraTests.xctest */;
			productType = "com.apple.product-type.bundle.unit-test";
		};
		38A21246282A064400B56E03 /* MetaMeraUITests */ = {
			isa = PBXNativeTarget;
			buildConfigurationList = 38A21257282A064400B56E03 /* Build configuration list for PBXNativeTarget "MetaMeraUITests" */;
			buildPhases = (
				FCC55D040CCA8D920C7ADF73 /* [CP] Check Pods Manifest.lock */,
				38A21243282A064400B56E03 /* Sources */,
				38A21244282A064400B56E03 /* Frameworks */,
				38A21245282A064400B56E03 /* Resources */,
				9850D618BA8CC394AA18A38B /* [CP] Embed Pods Frameworks */,
			);
			buildRules = (
			);
			dependencies = (
				38A21249282A064400B56E03 /* PBXTargetDependency */,
			);
			name = MetaMeraUITests;
			productName = MetaMeraUITests;
			productReference = 38A21247282A064400B56E03 /* MetaMeraUITests.xctest */;
			productType = "com.apple.product-type.bundle.ui-testing";
		};
/* End PBXNativeTarget section */

/* Begin PBXProject section */
		38A21220282A064300B56E03 /* Project object */ = {
			isa = PBXProject;
			attributes = {
				BuildIndependentTargetsInParallel = 1;
				LastSwiftUpdateCheck = 1330;
				LastUpgradeCheck = 1330;
				TargetAttributes = {
					38A21227282A064300B56E03 = {
						CreatedOnToolsVersion = 13.3.1;
					};
					38A2123C282A064400B56E03 = {
						CreatedOnToolsVersion = 13.3.1;
						TestTargetID = 38A21227282A064300B56E03;
					};
					38A21246282A064400B56E03 = {
						CreatedOnToolsVersion = 13.3.1;
						TestTargetID = 38A21227282A064300B56E03;
					};
				};
			};
			buildConfigurationList = 38A21223282A064300B56E03 /* Build configuration list for PBXProject "MetaMera" */;
			compatibilityVersion = "Xcode 13.0";
			developmentRegion = en;
			hasScannedForEncodings = 0;
			knownRegions = (
				en,
				Base,
				ja,
			);
			mainGroup = 38A2121F282A064300B56E03;
			packageReferences = (
			);
			productRefGroup = 38A21229282A064300B56E03 /* Products */;
			projectDirPath = "";
			projectRoot = "";
			targets = (
				38A21227282A064300B56E03 /* MetaMera */,
				38A2123C282A064400B56E03 /* MetaMeraTests */,
				38A21246282A064400B56E03 /* MetaMeraUITests */,
			);
		};
/* End PBXProject section */

/* Begin PBXResourcesBuildPhase section */
		38A21226282A064300B56E03 /* Resources */ = {
			isa = PBXResourcesBuildPhase;
			buildActionMask = 2147483647;
			files = (
				38A21286282CE3AF00B56E03 /* bokutachi.otf in Resources */,
				382713EE28328998004BEB01 /* TopViewController.storyboard in Resources */,
				38968054283F03B1008E1302 /* StartUpStoryboard.storyboard in Resources */,
				3875B926290A1DC90079304D /* ReportCommentViewController.storyboard in Resources */,
				3875B94B290A232C0079304D /* Localizable.strings in Resources */,
				387EA2DE28CF78B400629B4B /* ChangeProfileViewController.storyboard in Resources */,
				38A21267282A09C200B56E03 /* SignUpViewController.xib in Resources */,
				388EA9AC289E9AF800A79746 /* ImageCollectionViewCell.xib in Resources */,
				385B6E1F28DCB2A0007DEDF1 /* DebugViewController.storyboard in Resources */,
				38FAA64F28815740000521DD /* CreateNewPostViewController.storyboard in Resources */,
				E0D92492291899B800FE8A8D /* ProfileCollectionViewCell.xib in Resources */,
				3875B941290A22B80079304D /* Localizable.strings in Resources */,
				382713892831F95F004BEB01 /* SignInViewController.xib in Resources */,
				382713F22833423A004BEB01 /* ARViewController.storyboard in Resources */,
				38271475283472C0004BEB01 /* ChatViewController.xib in Resources */,
				38A21269282A104200B56E03 /* Main.storyboard in Resources */,
				38A21282282CE15800B56E03 /* utakata-Regular.otf in Resources */,
				385B6E2628DCB480007DEDF1 /* PostTableViewCell.xib in Resources */,
				38A8B94528E6D279000E86FD /* PlaceTextView.xib in Resources */,
				3896806B284C7755008E1302 /* ProfileViewController.storyboard in Resources */,
				E0D9248E2914DC5700FE8A8D /* MapviewCollectionViewCell.xib in Resources */,
				38A21238282A064400B56E03 /* LaunchScreen.storyboard in Resources */,
				3875B934290A1F310079304D /* ReportViewController.storyboard in Resources */,
				38A2128A282CEB8200B56E03 /* GoogleService-Info.plist in Resources */,
				38AB508E285AD3B800AF4F80 /* ChatRoomController.storyboard in Resources */,
				06B1CC152861664900116CF0 /* ChatRoomTableViewCell.xib in Resources */,
				38A21235282A064400B56E03 /* Assets.xcassets in Resources */,
				383AC1D4288E39E900B5BE12 /* PostImageTableViewCell.xib in Resources */,
			);
			runOnlyForDeploymentPostprocessing = 0;
		};
		38A2123B282A064400B56E03 /* Resources */ = {
			isa = PBXResourcesBuildPhase;
			buildActionMask = 2147483647;
			files = (
				38A21283282CE15800B56E03 /* utakata-Regular.otf in Resources */,
				38A21287282CE3AF00B56E03 /* bokutachi.otf in Resources */,
				3875B935290A1F310079304D /* ReportViewController.storyboard in Resources */,
				3875B942290A22B80079304D /* Localizable.strings in Resources */,
				3875B927290A1DC90079304D /* ReportCommentViewController.storyboard in Resources */,
				3875B94C290A232C0079304D /* Localizable.strings in Resources */,
				38A2128B282CEB8200B56E03 /* GoogleService-Info.plist in Resources */,
				38A8B94628E6D279000E86FD /* PlaceTextView.xib in Resources */,
			);
			runOnlyForDeploymentPostprocessing = 0;
		};
		38A21245282A064400B56E03 /* Resources */ = {
			isa = PBXResourcesBuildPhase;
			buildActionMask = 2147483647;
			files = (
				38A21284282CE15800B56E03 /* utakata-Regular.otf in Resources */,
				38A21288282CE3AF00B56E03 /* bokutachi.otf in Resources */,
				3875B936290A1F310079304D /* ReportViewController.storyboard in Resources */,
				3875B943290A22B80079304D /* Localizable.strings in Resources */,
				3875B928290A1DC90079304D /* ReportCommentViewController.storyboard in Resources */,
				3875B94D290A232C0079304D /* Localizable.strings in Resources */,
				38A2128C282CEB8200B56E03 /* GoogleService-Info.plist in Resources */,
				38A8B94728E6D279000E86FD /* PlaceTextView.xib in Resources */,
			);
			runOnlyForDeploymentPostprocessing = 0;
		};
/* End PBXResourcesBuildPhase section */

/* Begin PBXShellScriptBuildPhase section */
		15EE51E82EF6C0D4C3F5CFC9 /* [CP] Embed Pods Frameworks */ = {
			isa = PBXShellScriptBuildPhase;
			buildActionMask = 2147483647;
			files = (
			);
			inputFileListPaths = (
				"${PODS_ROOT}/Target Support Files/Pods-MetaMera/Pods-MetaMera-frameworks-${CONFIGURATION}-input-files.xcfilelist",
			);
			name = "[CP] Embed Pods Frameworks";
			outputFileListPaths = (
				"${PODS_ROOT}/Target Support Files/Pods-MetaMera/Pods-MetaMera-frameworks-${CONFIGURATION}-output-files.xcfilelist",
			);
			runOnlyForDeploymentPostprocessing = 0;
			shellPath = /bin/sh;
			shellScript = "\"${PODS_ROOT}/Target Support Files/Pods-MetaMera/Pods-MetaMera-frameworks.sh\"\n";
			showEnvVarsInLog = 0;
		};
		5C0D8955170F5435F14DFEA7 /* [CP] Check Pods Manifest.lock */ = {
			isa = PBXShellScriptBuildPhase;
			buildActionMask = 2147483647;
			files = (
			);
			inputFileListPaths = (
			);
			inputPaths = (
				"${PODS_PODFILE_DIR_PATH}/Podfile.lock",
				"${PODS_ROOT}/Manifest.lock",
			);
			name = "[CP] Check Pods Manifest.lock";
			outputFileListPaths = (
			);
			outputPaths = (
				"$(DERIVED_FILE_DIR)/Pods-MetaMera-checkManifestLockResult.txt",
			);
			runOnlyForDeploymentPostprocessing = 0;
			shellPath = /bin/sh;
			shellScript = "diff \"${PODS_PODFILE_DIR_PATH}/Podfile.lock\" \"${PODS_ROOT}/Manifest.lock\" > /dev/null\nif [ $? != 0 ] ; then\n    # print error to STDERR\n    echo \"error: The sandbox is not in sync with the Podfile.lock. Run 'pod install' or update your CocoaPods installation.\" >&2\n    exit 1\nfi\n# This output is used by Xcode 'outputs' to avoid re-running this script phase.\necho \"SUCCESS\" > \"${SCRIPT_OUTPUT_FILE_0}\"\n";
			showEnvVarsInLog = 0;
		};
		9850D618BA8CC394AA18A38B /* [CP] Embed Pods Frameworks */ = {
			isa = PBXShellScriptBuildPhase;
			buildActionMask = 2147483647;
			files = (
			);
			inputFileListPaths = (
				"${PODS_ROOT}/Target Support Files/Pods-MetaMera-MetaMeraUITests/Pods-MetaMera-MetaMeraUITests-frameworks-${CONFIGURATION}-input-files.xcfilelist",
			);
			name = "[CP] Embed Pods Frameworks";
			outputFileListPaths = (
				"${PODS_ROOT}/Target Support Files/Pods-MetaMera-MetaMeraUITests/Pods-MetaMera-MetaMeraUITests-frameworks-${CONFIGURATION}-output-files.xcfilelist",
			);
			runOnlyForDeploymentPostprocessing = 0;
			shellPath = /bin/sh;
			shellScript = "\"${PODS_ROOT}/Target Support Files/Pods-MetaMera-MetaMeraUITests/Pods-MetaMera-MetaMeraUITests-frameworks.sh\"\n";
			showEnvVarsInLog = 0;
		};
		AB4079D44A954C3B71509882 /* [CP] Check Pods Manifest.lock */ = {
			isa = PBXShellScriptBuildPhase;
			buildActionMask = 2147483647;
			files = (
			);
			inputFileListPaths = (
			);
			inputPaths = (
				"${PODS_PODFILE_DIR_PATH}/Podfile.lock",
				"${PODS_ROOT}/Manifest.lock",
			);
			name = "[CP] Check Pods Manifest.lock";
			outputFileListPaths = (
			);
			outputPaths = (
				"$(DERIVED_FILE_DIR)/Pods-MetaMeraTests-checkManifestLockResult.txt",
			);
			runOnlyForDeploymentPostprocessing = 0;
			shellPath = /bin/sh;
			shellScript = "diff \"${PODS_PODFILE_DIR_PATH}/Podfile.lock\" \"${PODS_ROOT}/Manifest.lock\" > /dev/null\nif [ $? != 0 ] ; then\n    # print error to STDERR\n    echo \"error: The sandbox is not in sync with the Podfile.lock. Run 'pod install' or update your CocoaPods installation.\" >&2\n    exit 1\nfi\n# This output is used by Xcode 'outputs' to avoid re-running this script phase.\necho \"SUCCESS\" > \"${SCRIPT_OUTPUT_FILE_0}\"\n";
			showEnvVarsInLog = 0;
		};
		FCC55D040CCA8D920C7ADF73 /* [CP] Check Pods Manifest.lock */ = {
			isa = PBXShellScriptBuildPhase;
			buildActionMask = 2147483647;
			files = (
			);
			inputFileListPaths = (
			);
			inputPaths = (
				"${PODS_PODFILE_DIR_PATH}/Podfile.lock",
				"${PODS_ROOT}/Manifest.lock",
			);
			name = "[CP] Check Pods Manifest.lock";
			outputFileListPaths = (
			);
			outputPaths = (
				"$(DERIVED_FILE_DIR)/Pods-MetaMera-MetaMeraUITests-checkManifestLockResult.txt",
			);
			runOnlyForDeploymentPostprocessing = 0;
			shellPath = /bin/sh;
			shellScript = "diff \"${PODS_PODFILE_DIR_PATH}/Podfile.lock\" \"${PODS_ROOT}/Manifest.lock\" > /dev/null\nif [ $? != 0 ] ; then\n    # print error to STDERR\n    echo \"error: The sandbox is not in sync with the Podfile.lock. Run 'pod install' or update your CocoaPods installation.\" >&2\n    exit 1\nfi\n# This output is used by Xcode 'outputs' to avoid re-running this script phase.\necho \"SUCCESS\" > \"${SCRIPT_OUTPUT_FILE_0}\"\n";
			showEnvVarsInLog = 0;
		};
/* End PBXShellScriptBuildPhase section */

/* Begin PBXSourcesBuildPhase section */
		38A21224282A064300B56E03 /* Sources */ = {
			isa = PBXSourcesBuildPhase;
			buildActionMask = 2147483647;
			files = (
				38D2443728F903A80013D13C /* LocationManager.swift in Sources */,
				38A8B94A28E92CE4000E86FD /* Accessory.swift in Sources */,
				38E9AE2A2865641300EB71D6 /* Profile.swift in Sources */,
				38A8B93328DDFB05000E86FD /* RemoteConfigClient.swift in Sources */,
				38968057283F04CE008E1302 /* StartUpViewController.swift in Sources */,
				E0D9248D2914DC5700FE8A8D /* MapviewCollectionViewCell.swift in Sources */,
				38FAA64A28801229000521DD /* Post.swift in Sources */,
				38A8B93528DDFB3E000E86FD /* RemoteConfigClientProtocol.swift in Sources */,
				38FAA64D28815736000521DD /* CreateNewPostViewController.swift in Sources */,
				385B6E2528DCB480007DEDF1 /* PostTableViewCell.swift in Sources */,
				E0D92491291899B800FE8A8D /* ProfileCollectionViewCell.swift in Sources */,
				382713F028332648004BEB01 /* AppDelegate.swift in Sources */,
				3896805E284A4CAE008E1302 /* Goto.swift in Sources */,
				38AD941929149D44004F0C9F /* LikeUsers.swift in Sources */,
				38A8B94228E6D279000E86FD /* PlaceTextView.swift in Sources */,
				387EA2DC28CF78A900629B4B /* ChangeProfileViewController.swift in Sources */,
				387EA2D328C76EBF00629B4B /* ArObject.swift in Sources */,
				382713882831F95F004BEB01 /* SignInViewController.swift in Sources */,
				388EA9AB289E9AF800A79746 /* ImageCollectionViewCell.swift in Sources */,
				38DA36BB28D16228004006B6 /* UserProfileProtocol.swift in Sources */,
				38AD14C2289249EF001D1769 /* SignInModel.swift in Sources */,
				3875B8FA29078EBC0079304D /* MenuType.swift in Sources */,
				38271474283472C0004BEB01 /* ChatViewController.swift in Sources */,
				38D2443F28F924C60013D13C /* AreaId.swift in Sources */,
				38A2122E282A064300B56E03 /* ViewController.swift in Sources */,
				38FAA642287860BD000521DD /* UIImageView-Extension.swift in Sources */,
				38FAA646287FAFA6000521DD /* ChatRoom.swift in Sources */,
				388ECDBE290619EE009C9DE1 /* Report.swift in Sources */,
				06B1CC142861664900116CF0 /* ChatRoomTableViewCell.swift in Sources */,
				38AD14C5289266BE001D1769 /* SignItem.swift in Sources */,
				385B6E1D28DCB28F007DEDF1 /* DebugViewController.swift in Sources */,
				388ECDC229061A18009C9DE1 /* ReportModel.swift in Sources */,
				38A8B93E28E494CD000E86FD /* PostItem.swift in Sources */,
				388ECDD52907705F009C9DE1 /* ReportCommentViewController.swift in Sources */,
				387EA2D728CF76F400629B4B /* UIImage-Extension.swift in Sources */,
				389024C62835DAD4004DC3F3 /* UIColor-Extension.swift in Sources */,
				38A05CEB289547D000F0CC40 /* SignUpModel.swift in Sources */,
				38A2122C282A064300B56E03 /* TopViewController.swift in Sources */,
				38A2127B282CE0DB00B56E03 /* ARViewController.swift in Sources */,
				383AC1D2288E398600B5BE12 /* PostImageTableViewCell.swift in Sources */,
				38A8B93828DDFDFB000E86FD /* ServerMaintenanceConfig.swift in Sources */,
				38FAA644287D20C5000521DD /* UITraitCollection-Extension.swift in Sources */,
				38A21230282A064300B56E03 /* Experience.rcproject in Sources */,
				388ECDCC29063709009C9DE1 /* ReportViewController.swift in Sources */,
				38FAA648287FAFE4000521DD /* Comment.swift in Sources */,
				38968068284C76C8008E1302 /* ProfileViewController.swift in Sources */,
				382F6AB2286D44730056BFA2 /* User.swift in Sources */,
				3875B93E290A22480079304D /* LocalizeKey.swift in Sources */,
				388EA9AE28A555E800A79746 /* Notifications.swift in Sources */,
				387EA2D528C7723000629B4B /* LNTouchDelegate-Extension.swift in Sources */,
				38AB508B285AD3A700AF4F80 /* ChatRoomController.swift in Sources */,
				38A8B93128DDF30A000E86FD /* URL-Extension.swift in Sources */,
				3896805B28445926008E1302 /* ArObjectOld.swift in Sources */,
				38A8B93C28E49463000E86FD /* PostUploadModel.swift in Sources */,
				388ECDC629061D90009C9DE1 /* ReportItem.swift in Sources */,
				38A21266282A09C200B56E03 /* SignUpViewController.swift in Sources */,
			);
			runOnlyForDeploymentPostprocessing = 0;
		};
		38A21239282A064400B56E03 /* Sources */ = {
			isa = PBXSourcesBuildPhase;
			buildActionMask = 2147483647;
			files = (
				38A8B94328E6D279000E86FD /* PlaceTextView.swift in Sources */,
				388ECDD62907705F009C9DE1 /* ReportCommentViewController.swift in Sources */,
				388ECDC329061A18009C9DE1 /* ReportModel.swift in Sources */,
				38D2444028F924C60013D13C /* AreaId.swift in Sources */,
				388ECDBF290619EE009C9DE1 /* Report.swift in Sources */,
				38A21242282A064400B56E03 /* MetaMeraTests.swift in Sources */,
				38D2443828F903A80013D13C /* LocationManager.swift in Sources */,
				38A8B94B28E92CE4000E86FD /* Accessory.swift in Sources */,
				3875B93F290A22480079304D /* LocalizeKey.swift in Sources */,
				388ECDC729061D90009C9DE1 /* ReportItem.swift in Sources */,
				388ECDCD29063709009C9DE1 /* ReportViewController.swift in Sources */,
				38A2127C282CE0DB00B56E03 /* ARViewController.swift in Sources */,
			);
			runOnlyForDeploymentPostprocessing = 0;
		};
		38A21243282A064400B56E03 /* Sources */ = {
			isa = PBXSourcesBuildPhase;
			buildActionMask = 2147483647;
			files = (
				38A2127D282CE0DB00B56E03 /* ARViewController.swift in Sources */,
				38A8B94C28E92CE4000E86FD /* Accessory.swift in Sources */,
				388ECDC829061D90009C9DE1 /* ReportItem.swift in Sources */,
				3875B940290A22480079304D /* LocalizeKey.swift in Sources */,
				38D2444128F924C60013D13C /* AreaId.swift in Sources */,
				388ECDCE29063709009C9DE1 /* ReportViewController.swift in Sources */,
				388ECDC0290619EE009C9DE1 /* Report.swift in Sources */,
				388ECDD72907705F009C9DE1 /* ReportCommentViewController.swift in Sources */,
				38D2443928F903A80013D13C /* LocationManager.swift in Sources */,
				38A2124E282A064400B56E03 /* MetaMeraUITestsLaunchTests.swift in Sources */,
				388ECDC429061A18009C9DE1 /* ReportModel.swift in Sources */,
				38A2124C282A064400B56E03 /* MetaMeraUITests.swift in Sources */,
				38A8B94428E6D279000E86FD /* PlaceTextView.swift in Sources */,
			);
			runOnlyForDeploymentPostprocessing = 0;
		};
/* End PBXSourcesBuildPhase section */

/* Begin PBXTargetDependency section */
		38A2123F282A064400B56E03 /* PBXTargetDependency */ = {
			isa = PBXTargetDependency;
			target = 38A21227282A064300B56E03 /* MetaMera */;
			targetProxy = 38A2123E282A064400B56E03 /* PBXContainerItemProxy */;
		};
		38A21249282A064400B56E03 /* PBXTargetDependency */ = {
			isa = PBXTargetDependency;
			target = 38A21227282A064300B56E03 /* MetaMera */;
			targetProxy = 38A21248282A064400B56E03 /* PBXContainerItemProxy */;
		};
/* End PBXTargetDependency section */

/* Begin PBXVariantGroup section */
		3875B92A290A1DC90079304D /* ReportCommentViewController.storyboard */ = {
			isa = PBXVariantGroup;
			children = (
				3875B929290A1DC90079304D /* Base */,
				3875B92C290A1DCD0079304D /* en */,
				3875B92E290A1DCF0079304D /* ja */,
			);
			name = ReportCommentViewController.storyboard;
			sourceTree = "<group>";
		};
		3875B938290A1F310079304D /* ReportViewController.storyboard */ = {
			isa = PBXVariantGroup;
			children = (
				3875B939290A1F360079304D /* Base */,
				3875B93B290A1F400079304D /* ja */,
				3875B93C290A1F4B0079304D /* en */,
			);
			name = ReportViewController.storyboard;
			sourceTree = "<group>";
		};
		3875B945290A22B80079304D /* Localizable.strings */ = {
			isa = PBXVariantGroup;
			children = (
				3875B944290A22B80079304D /* en */,
			);
			name = Localizable.strings;
			sourceTree = "<group>";
		};
		3875B94F290A232C0079304D /* Localizable.strings */ = {
			isa = PBXVariantGroup;
			children = (
				3875B94E290A232C0079304D /* ja */,
			);
			name = Localizable.strings;
			sourceTree = "<group>";
		};
		38A21231282A064300B56E03 /* Main.storyboard */ = {
			isa = PBXVariantGroup;
			children = (
				38A21232282A064300B56E03 /* Base */,
				3875B8FB2907989E0079304D /* ja */,
			);
			name = Main.storyboard;
			sourceTree = "<group>";
		};
		38A21236282A064400B56E03 /* LaunchScreen.storyboard */ = {
			isa = PBXVariantGroup;
			children = (
				38A21237282A064400B56E03 /* Base */,
				3875B8FC2907989E0079304D /* ja */,
			);
			name = LaunchScreen.storyboard;
			sourceTree = "<group>";
		};
/* End PBXVariantGroup section */

/* Begin XCBuildConfiguration section */
		38A2124F282A064400B56E03 /* Debug */ = {
			isa = XCBuildConfiguration;
			buildSettings = {
				ALWAYS_SEARCH_USER_PATHS = NO;
				CLANG_ANALYZER_LOCALIZABILITY_NONLOCALIZED = YES;
				CLANG_ANALYZER_NONNULL = YES;
				CLANG_ANALYZER_NUMBER_OBJECT_CONVERSION = YES_AGGRESSIVE;
				CLANG_CXX_LANGUAGE_STANDARD = "gnu++17";
				CLANG_ENABLE_MODULES = YES;
				CLANG_ENABLE_OBJC_ARC = YES;
				CLANG_ENABLE_OBJC_WEAK = YES;
				CLANG_WARN_BLOCK_CAPTURE_AUTORELEASING = YES;
				CLANG_WARN_BOOL_CONVERSION = YES;
				CLANG_WARN_COMMA = YES;
				CLANG_WARN_CONSTANT_CONVERSION = YES;
				CLANG_WARN_DEPRECATED_OBJC_IMPLEMENTATIONS = YES;
				CLANG_WARN_DIRECT_OBJC_ISA_USAGE = YES_ERROR;
				CLANG_WARN_DOCUMENTATION_COMMENTS = YES;
				CLANG_WARN_EMPTY_BODY = YES;
				CLANG_WARN_ENUM_CONVERSION = YES;
				CLANG_WARN_INFINITE_RECURSION = YES;
				CLANG_WARN_INT_CONVERSION = YES;
				CLANG_WARN_NON_LITERAL_NULL_CONVERSION = YES;
				CLANG_WARN_OBJC_IMPLICIT_RETAIN_SELF = YES;
				CLANG_WARN_OBJC_LITERAL_CONVERSION = YES;
				CLANG_WARN_OBJC_ROOT_CLASS = YES_ERROR;
				CLANG_WARN_QUOTED_INCLUDE_IN_FRAMEWORK_HEADER = YES;
				CLANG_WARN_RANGE_LOOP_ANALYSIS = YES;
				CLANG_WARN_STRICT_PROTOTYPES = YES;
				CLANG_WARN_SUSPICIOUS_MOVE = YES;
				CLANG_WARN_UNGUARDED_AVAILABILITY = YES_AGGRESSIVE;
				CLANG_WARN_UNREACHABLE_CODE = YES;
				CLANG_WARN__DUPLICATE_METHOD_MATCH = YES;
				CODE_SIGN_IDENTITY = "Apple Development: nakamura.jim.k@gmail.com (8Y6J738A63)";
				CODE_SIGN_STYLE = Automatic;
				COPY_PHASE_STRIP = NO;
				DEBUG_INFORMATION_FORMAT = dwarf;
				DEVELOPMENT_TEAM = JH5QRQ7596;
				ENABLE_STRICT_OBJC_MSGSEND = YES;
				ENABLE_TESTABILITY = YES;
				GCC_C_LANGUAGE_STANDARD = gnu11;
				GCC_DYNAMIC_NO_PIC = NO;
				GCC_NO_COMMON_BLOCKS = YES;
				GCC_OPTIMIZATION_LEVEL = 0;
				GCC_PREPROCESSOR_DEFINITIONS = (
					"DEBUG=1",
					"$(inherited)",
				);
				GCC_WARN_64_TO_32_BIT_CONVERSION = YES;
				GCC_WARN_ABOUT_RETURN_TYPE = YES_ERROR;
				GCC_WARN_UNDECLARED_SELECTOR = YES;
				GCC_WARN_UNINITIALIZED_AUTOS = YES_AGGRESSIVE;
				GCC_WARN_UNUSED_FUNCTION = YES;
				GCC_WARN_UNUSED_VARIABLE = YES;
				IPHONEOS_DEPLOYMENT_TARGET = 15.0;
				MTL_ENABLE_DEBUG_INFO = INCLUDE_SOURCE;
				MTL_FAST_MATH = YES;
				ONLY_ACTIVE_ARCH = YES;
				SDKROOT = iphoneos;
				SWIFT_ACTIVE_COMPILATION_CONDITIONS = DEBUG;
				SWIFT_OPTIMIZATION_LEVEL = "-Onone";
			};
			name = Debug;
		};
		38A21250282A064400B56E03 /* Release */ = {
			isa = XCBuildConfiguration;
			buildSettings = {
				ALWAYS_SEARCH_USER_PATHS = NO;
				CLANG_ANALYZER_LOCALIZABILITY_NONLOCALIZED = YES;
				CLANG_ANALYZER_NONNULL = YES;
				CLANG_ANALYZER_NUMBER_OBJECT_CONVERSION = YES_AGGRESSIVE;
				CLANG_CXX_LANGUAGE_STANDARD = "gnu++17";
				CLANG_ENABLE_MODULES = YES;
				CLANG_ENABLE_OBJC_ARC = YES;
				CLANG_ENABLE_OBJC_WEAK = YES;
				CLANG_WARN_BLOCK_CAPTURE_AUTORELEASING = YES;
				CLANG_WARN_BOOL_CONVERSION = YES;
				CLANG_WARN_COMMA = YES;
				CLANG_WARN_CONSTANT_CONVERSION = YES;
				CLANG_WARN_DEPRECATED_OBJC_IMPLEMENTATIONS = YES;
				CLANG_WARN_DIRECT_OBJC_ISA_USAGE = YES_ERROR;
				CLANG_WARN_DOCUMENTATION_COMMENTS = YES;
				CLANG_WARN_EMPTY_BODY = YES;
				CLANG_WARN_ENUM_CONVERSION = YES;
				CLANG_WARN_INFINITE_RECURSION = YES;
				CLANG_WARN_INT_CONVERSION = YES;
				CLANG_WARN_NON_LITERAL_NULL_CONVERSION = YES;
				CLANG_WARN_OBJC_IMPLICIT_RETAIN_SELF = YES;
				CLANG_WARN_OBJC_LITERAL_CONVERSION = YES;
				CLANG_WARN_OBJC_ROOT_CLASS = YES_ERROR;
				CLANG_WARN_QUOTED_INCLUDE_IN_FRAMEWORK_HEADER = YES;
				CLANG_WARN_RANGE_LOOP_ANALYSIS = YES;
				CLANG_WARN_STRICT_PROTOTYPES = YES;
				CLANG_WARN_SUSPICIOUS_MOVE = YES;
				CLANG_WARN_UNGUARDED_AVAILABILITY = YES_AGGRESSIVE;
				CLANG_WARN_UNREACHABLE_CODE = YES;
				CLANG_WARN__DUPLICATE_METHOD_MATCH = YES;
				CODE_SIGN_IDENTITY = "Apple Development: nakamura.jim.k@gmail.com (8Y6J738A63)";
				CODE_SIGN_STYLE = Automatic;
				COPY_PHASE_STRIP = NO;
				DEBUG_INFORMATION_FORMAT = "dwarf-with-dsym";
				DEVELOPMENT_TEAM = JH5QRQ7596;
				ENABLE_NS_ASSERTIONS = NO;
				ENABLE_STRICT_OBJC_MSGSEND = YES;
				GCC_C_LANGUAGE_STANDARD = gnu11;
				GCC_NO_COMMON_BLOCKS = YES;
				GCC_WARN_64_TO_32_BIT_CONVERSION = YES;
				GCC_WARN_ABOUT_RETURN_TYPE = YES_ERROR;
				GCC_WARN_UNDECLARED_SELECTOR = YES;
				GCC_WARN_UNINITIALIZED_AUTOS = YES_AGGRESSIVE;
				GCC_WARN_UNUSED_FUNCTION = YES;
				GCC_WARN_UNUSED_VARIABLE = YES;
				IPHONEOS_DEPLOYMENT_TARGET = 15.0;
				MTL_ENABLE_DEBUG_INFO = NO;
				MTL_FAST_MATH = YES;
				SDKROOT = iphoneos;
				SWIFT_ACTIVE_COMPILATION_CONDITIONS = RELEASE;
				SWIFT_COMPILATION_MODE = wholemodule;
				SWIFT_OPTIMIZATION_LEVEL = "-O";
				VALIDATE_PRODUCT = YES;
			};
			name = Release;
		};
		38A21252282A064400B56E03 /* Debug */ = {
			isa = XCBuildConfiguration;
			baseConfigurationReference = 94B239514413AEC60D790459 /* Pods-MetaMera.debug.xcconfig */;
			buildSettings = {
				ASSETCATALOG_COMPILER_APPICON_NAME = AppIcon;
				ASSETCATALOG_COMPILER_GLOBAL_ACCENT_COLOR_NAME = AccentColor;
				CODE_SIGN_ENTITLEMENTS = MetaMera/MetaMera.entitlements;
				CODE_SIGN_IDENTITY = "Apple Development";
				"CODE_SIGN_IDENTITY[sdk=iphoneos*]" = "iPhone Developer";
				CODE_SIGN_STYLE = Manual;
				CURRENT_PROJECT_VERSION = 1;
				DEVELOPMENT_TEAM = "";
				"DEVELOPMENT_TEAM[sdk=iphoneos*]" = JH5QRQ7596;
				GENERATE_INFOPLIST_FILE = YES;
				INFOPLIST_FILE = MetaMera/Info.plist;
				INFOPLIST_KEY_CFBundleDisplayName = "Meta-Mera";
				INFOPLIST_KEY_LSApplicationCategoryType = "public.app-category.social-networking";
				INFOPLIST_KEY_NSCameraUsageDescription = "GPSを使ってオブジェクトを設置するために使用します";
				INFOPLIST_KEY_NSLocationAlwaysAndWhenInUseUsageDescription = "他のユーザのつぶやきを表示するために使用します。";
				INFOPLIST_KEY_NSLocationWhenInUseUsageDescription = "GPSを使ってオブジェクトを設置するために使用します";
				INFOPLIST_KEY_NSPhotoLibraryUsageDescription = "画像を投稿する時やプロフィール画像を変更するときに使用します。";
				INFOPLIST_KEY_UIApplicationSupportsIndirectInputEvents = YES;
				INFOPLIST_KEY_UILaunchStoryboardName = LaunchScreen;
				INFOPLIST_KEY_UIRequiredDeviceCapabilities = arkit;
				INFOPLIST_KEY_UIStatusBarHidden = NO;
				INFOPLIST_KEY_UISupportedInterfaceOrientations = UIInterfaceOrientationPortrait;
				INFOPLIST_KEY_UISupportedInterfaceOrientations_iPad = "UIInterfaceOrientationPortrait UIInterfaceOrientationPortraitUpsideDown UIInterfaceOrientationLandscapeLeft UIInterfaceOrientationLandscapeRight";
				INFOPLIST_KEY_UISupportedInterfaceOrientations_iPhone = UIInterfaceOrientationPortrait;
				IPHONEOS_DEPLOYMENT_TARGET = 15.5;
				LD_RUNPATH_SEARCH_PATHS = (
					"$(inherited)",
					"@executable_path/Frameworks",
				);
				MARKETING_VERSION = 1.3.2;
				OTHER_CODE_SIGN_FLAGS = "--generate-entitlement-der";
				"OTHER_CODE_SIGN_FLAGS[sdk=*]" = "--generate-entitlement-der";
				PRODUCT_BUNDLE_IDENTIFIER = com.github.jim112o.MetaMera;
				PRODUCT_NAME = "$(TARGET_NAME)";
				PROVISIONING_PROFILE_SPECIFIER = "";
				"PROVISIONING_PROFILE_SPECIFIER[sdk=iphoneos*]" = MetaMeraDev;
				SUPPORTED_PLATFORMS = "iphoneos iphonesimulator";
				SUPPORTS_MACCATALYST = NO;
				SUPPORTS_MAC_DESIGNED_FOR_IPHONE_IPAD = NO;
				SWIFT_EMIT_LOC_STRINGS = YES;
				SWIFT_VERSION = 5.0;
				TARGETED_DEVICE_FAMILY = 1;
			};
			name = Debug;
		};
		38A21253282A064400B56E03 /* Release */ = {
			isa = XCBuildConfiguration;
			baseConfigurationReference = 91F618A3C80A83AD1DBFA6B6 /* Pods-MetaMera.release.xcconfig */;
			buildSettings = {
				ASSETCATALOG_COMPILER_APPICON_NAME = AppIcon;
				ASSETCATALOG_COMPILER_GLOBAL_ACCENT_COLOR_NAME = AccentColor;
				CODE_SIGN_ENTITLEMENTS = MetaMera/MetaMera.entitlements;
				CODE_SIGN_IDENTITY = "Apple Development";
				"CODE_SIGN_IDENTITY[sdk=iphoneos*]" = "iPhone Developer";
				CODE_SIGN_STYLE = Manual;
				CURRENT_PROJECT_VERSION = 1;
				DEVELOPMENT_TEAM = "";
				"DEVELOPMENT_TEAM[sdk=iphoneos*]" = JH5QRQ7596;
				GENERATE_INFOPLIST_FILE = YES;
				INFOPLIST_FILE = MetaMera/Info.plist;
				INFOPLIST_KEY_CFBundleDisplayName = "Meta-Mera";
				INFOPLIST_KEY_LSApplicationCategoryType = "public.app-category.social-networking";
				INFOPLIST_KEY_NSCameraUsageDescription = "GPSを使ってオブジェクトを設置するために使用します";
				INFOPLIST_KEY_NSLocationAlwaysAndWhenInUseUsageDescription = "他のユーザのつぶやきを表示するために使用します。";
				INFOPLIST_KEY_NSLocationWhenInUseUsageDescription = "GPSを使ってオブジェクトを設置するために使用します";
				INFOPLIST_KEY_NSPhotoLibraryUsageDescription = "画像を投稿する時やプロフィール画像を変更するときに使用します。";
				INFOPLIST_KEY_UIApplicationSupportsIndirectInputEvents = YES;
				INFOPLIST_KEY_UILaunchStoryboardName = LaunchScreen;
				INFOPLIST_KEY_UIRequiredDeviceCapabilities = arkit;
				INFOPLIST_KEY_UIStatusBarHidden = NO;
				INFOPLIST_KEY_UISupportedInterfaceOrientations = UIInterfaceOrientationPortrait;
				INFOPLIST_KEY_UISupportedInterfaceOrientations_iPad = "UIInterfaceOrientationPortrait UIInterfaceOrientationPortraitUpsideDown UIInterfaceOrientationLandscapeLeft UIInterfaceOrientationLandscapeRight";
				INFOPLIST_KEY_UISupportedInterfaceOrientations_iPhone = UIInterfaceOrientationPortrait;
				IPHONEOS_DEPLOYMENT_TARGET = 15.5;
				LD_RUNPATH_SEARCH_PATHS = (
					"$(inherited)",
					"@executable_path/Frameworks",
				);
				MARKETING_VERSION = 1.3.2;
				OTHER_CODE_SIGN_FLAGS = "--generate-entitlement-der";
				"OTHER_CODE_SIGN_FLAGS[sdk=*]" = "--generate-entitlement-der";
				PRODUCT_BUNDLE_IDENTIFIER = com.github.jim112o.MetaMera;
				PRODUCT_NAME = "$(TARGET_NAME)";
				PROVISIONING_PROFILE_SPECIFIER = "";
				"PROVISIONING_PROFILE_SPECIFIER[sdk=iphoneos*]" = MetaMeraDev;
				SUPPORTED_PLATFORMS = "iphoneos iphonesimulator";
				SUPPORTS_MACCATALYST = NO;
				SUPPORTS_MAC_DESIGNED_FOR_IPHONE_IPAD = NO;
				SWIFT_EMIT_LOC_STRINGS = YES;
				SWIFT_VERSION = 5.0;
				TARGETED_DEVICE_FAMILY = 1;
			};
			name = Release;
		};
		38A21255282A064400B56E03 /* Debug */ = {
			isa = XCBuildConfiguration;
			baseConfigurationReference = 7556378416DB6697151D6632 /* Pods-MetaMeraTests.debug.xcconfig */;
			buildSettings = {
				ALWAYS_EMBED_SWIFT_STANDARD_LIBRARIES = YES;
				BUNDLE_LOADER = "$(TEST_HOST)";
				CODE_SIGN_STYLE = Automatic;
				CURRENT_PROJECT_VERSION = 1;
				DEVELOPMENT_TEAM = JH5QRQ7596;
				GENERATE_INFOPLIST_FILE = YES;
				IPHONEOS_DEPLOYMENT_TARGET = 15.4;
				MARKETING_VERSION = 1.0;
				PRODUCT_BUNDLE_IDENTIFIER = com.github.jim112o.MetaMeraTests;
				PRODUCT_NAME = "$(TARGET_NAME)";
				SWIFT_EMIT_LOC_STRINGS = NO;
				SWIFT_VERSION = 5.0;
				TARGETED_DEVICE_FAMILY = "1,2";
				TEST_HOST = "$(BUILT_PRODUCTS_DIR)/MetaMera.app/MetaMera";
			};
			name = Debug;
		};
		38A21256282A064400B56E03 /* Release */ = {
			isa = XCBuildConfiguration;
			baseConfigurationReference = 8495CA02EFC8F265A2E408B7 /* Pods-MetaMeraTests.release.xcconfig */;
			buildSettings = {
				ALWAYS_EMBED_SWIFT_STANDARD_LIBRARIES = YES;
				BUNDLE_LOADER = "$(TEST_HOST)";
				CODE_SIGN_STYLE = Automatic;
				CURRENT_PROJECT_VERSION = 1;
				DEVELOPMENT_TEAM = JH5QRQ7596;
				GENERATE_INFOPLIST_FILE = YES;
				IPHONEOS_DEPLOYMENT_TARGET = 15.4;
				MARKETING_VERSION = 1.0;
				PRODUCT_BUNDLE_IDENTIFIER = com.github.jim112o.MetaMeraTests;
				PRODUCT_NAME = "$(TARGET_NAME)";
				SWIFT_EMIT_LOC_STRINGS = NO;
				SWIFT_VERSION = 5.0;
				TARGETED_DEVICE_FAMILY = "1,2";
				TEST_HOST = "$(BUILT_PRODUCTS_DIR)/MetaMera.app/MetaMera";
			};
			name = Release;
		};
		38A21258282A064400B56E03 /* Debug */ = {
			isa = XCBuildConfiguration;
			baseConfigurationReference = 44A6594E1AD10EE93D7CD030 /* Pods-MetaMera-MetaMeraUITests.debug.xcconfig */;
			buildSettings = {
				ALWAYS_EMBED_SWIFT_STANDARD_LIBRARIES = YES;
				CODE_SIGN_STYLE = Automatic;
				CURRENT_PROJECT_VERSION = 1;
				DEVELOPMENT_TEAM = JH5QRQ7596;
				GENERATE_INFOPLIST_FILE = YES;
				MARKETING_VERSION = 1.0;
				PRODUCT_BUNDLE_IDENTIFIER = com.github.jim112o.MetaMeraUITests;
				PRODUCT_NAME = "$(TARGET_NAME)";
				SWIFT_EMIT_LOC_STRINGS = NO;
				SWIFT_VERSION = 5.0;
				TARGETED_DEVICE_FAMILY = "1,2";
				TEST_TARGET_NAME = MetaMera;
			};
			name = Debug;
		};
		38A21259282A064400B56E03 /* Release */ = {
			isa = XCBuildConfiguration;
			baseConfigurationReference = B611C4DB6464C6529796A224 /* Pods-MetaMera-MetaMeraUITests.release.xcconfig */;
			buildSettings = {
				ALWAYS_EMBED_SWIFT_STANDARD_LIBRARIES = YES;
				CODE_SIGN_STYLE = Automatic;
				CURRENT_PROJECT_VERSION = 1;
				DEVELOPMENT_TEAM = JH5QRQ7596;
				GENERATE_INFOPLIST_FILE = YES;
				MARKETING_VERSION = 1.0;
				PRODUCT_BUNDLE_IDENTIFIER = com.github.jim112o.MetaMeraUITests;
				PRODUCT_NAME = "$(TARGET_NAME)";
				SWIFT_EMIT_LOC_STRINGS = NO;
				SWIFT_VERSION = 5.0;
				TARGETED_DEVICE_FAMILY = "1,2";
				TEST_TARGET_NAME = MetaMera;
			};
			name = Release;
		};
/* End XCBuildConfiguration section */

/* Begin XCConfigurationList section */
		38A21223282A064300B56E03 /* Build configuration list for PBXProject "MetaMera" */ = {
			isa = XCConfigurationList;
			buildConfigurations = (
				38A2124F282A064400B56E03 /* Debug */,
				38A21250282A064400B56E03 /* Release */,
			);
			defaultConfigurationIsVisible = 0;
			defaultConfigurationName = Release;
		};
		38A21251282A064400B56E03 /* Build configuration list for PBXNativeTarget "MetaMera" */ = {
			isa = XCConfigurationList;
			buildConfigurations = (
				38A21252282A064400B56E03 /* Debug */,
				38A21253282A064400B56E03 /* Release */,
			);
			defaultConfigurationIsVisible = 0;
			defaultConfigurationName = Release;
		};
		38A21254282A064400B56E03 /* Build configuration list for PBXNativeTarget "MetaMeraTests" */ = {
			isa = XCConfigurationList;
			buildConfigurations = (
				38A21255282A064400B56E03 /* Debug */,
				38A21256282A064400B56E03 /* Release */,
			);
			defaultConfigurationIsVisible = 0;
			defaultConfigurationName = Release;
		};
		38A21257282A064400B56E03 /* Build configuration list for PBXNativeTarget "MetaMeraUITests" */ = {
			isa = XCConfigurationList;
			buildConfigurations = (
				38A21258282A064400B56E03 /* Debug */,
				38A21259282A064400B56E03 /* Release */,
			);
			defaultConfigurationIsVisible = 0;
			defaultConfigurationName = Release;
		};
/* End XCConfigurationList section */
	};
	rootObject = 38A21220282A064300B56E03 /* Project object */;
}
